// !$*UTF8*$!
{
	archiveVersion = 1;
	classes = {
	};
	objectVersion = 56;
	objects = {

/* Begin PBXBuildFile section */
		2B10889C2B416AE30085EE4C /* SettingTableViewCell.swift in Sources */ = {isa = PBXBuildFile; fileRef = 2B10889B2B416AE30085EE4C /* SettingTableViewCell.swift */; };
		2B10889E2B416C300085EE4C /* SettingHeaderView.swift in Sources */ = {isa = PBXBuildFile; fileRef = 2B10889D2B416C300085EE4C /* SettingHeaderView.swift */; };
		2B2D3E042AE3FF8700476A46 /* MyListCollectionViewCell.swift in Sources */ = {isa = PBXBuildFile; fileRef = 2B2D3E032AE3FF8700476A46 /* MyListCollectionViewCell.swift */; };
		2B2D3E062AE40E8D00476A46 /* MyListHeaderView.swift in Sources */ = {isa = PBXBuildFile; fileRef = 2B2D3E052AE40E8D00476A46 /* MyListHeaderView.swift */; };
		2B2D3E082AE4F7E800476A46 /* BaseCollectionReusableView.swift in Sources */ = {isa = PBXBuildFile; fileRef = 2B2D3E072AE4F7E800476A46 /* BaseCollectionReusableView.swift */; };
		2B2D3E0A2AE4F8BB00476A46 /* EmptyCollectionReusableView.swift in Sources */ = {isa = PBXBuildFile; fileRef = 2B2D3E092AE4F8BB00476A46 /* EmptyCollectionReusableView.swift */; };
		2B49F5A02AC864F100FF903F /* CategoryHomeView.swift in Sources */ = {isa = PBXBuildFile; fileRef = 2B49F59F2AC864F100FF903F /* CategoryHomeView.swift */; };
		2B4FEAA02AFF953800E12B69 /* FirebaseAnalytics in Frameworks */ = {isa = PBXBuildFile; productRef = 2B4FEA9F2AFF953800E12B69 /* FirebaseAnalytics */; };
		2B4FEAA22AFF953800E12B69 /* FirebaseCrashlytics in Frameworks */ = {isa = PBXBuildFile; productRef = 2B4FEAA12AFF953800E12B69 /* FirebaseCrashlytics */; };
		2B4FEAA42AFF953800E12B69 /* FirebaseMessaging in Frameworks */ = {isa = PBXBuildFile; productRef = 2B4FEAA32AFF953800E12B69 /* FirebaseMessaging */; };
		2B4FEAA62AFF953800E12B69 /* FirebaseRemoteConfig in Frameworks */ = {isa = PBXBuildFile; productRef = 2B4FEAA52AFF953800E12B69 /* FirebaseRemoteConfig */; };
		2B4FEAA82AFF953800E12B69 /* FirebaseRemoteConfigSwift in Frameworks */ = {isa = PBXBuildFile; productRef = 2B4FEAA72AFF953800E12B69 /* FirebaseRemoteConfigSwift */; };
		2B4FEAAA2AFF953800E12B69 /* FirebaseStorage in Frameworks */ = {isa = PBXBuildFile; productRef = 2B4FEAA92AFF953800E12B69 /* FirebaseStorage */; };
		2B4FEAAC2AFF953800E12B69 /* FirebaseStorageCombine-Community in Frameworks */ = {isa = PBXBuildFile; productRef = 2B4FEAAB2AFF953800E12B69 /* FirebaseStorageCombine-Community */; };
		2B5EABB62B03D54C004AD7D8 /* UserDefaults+.swift in Sources */ = {isa = PBXBuildFile; fileRef = 2B5EABB52B03D54C004AD7D8 /* UserDefaults+.swift */; };
		2B63782B2ADBCCEF00203AFA /* CheckItemTableRepository.swift in Sources */ = {isa = PBXBuildFile; fileRef = 2B63782A2ADBCCEF00203AFA /* CheckItemTableRepository.swift */; };
		2B63782D2ADC578200203AFA /* MyListView.swift in Sources */ = {isa = PBXBuildFile; fileRef = 2B63782C2ADC578200203AFA /* MyListView.swift */; };
		2B63782F2ADD56B700203AFA /* DeleteModalViewController.swift in Sources */ = {isa = PBXBuildFile; fileRef = 2B63782E2ADD56B700203AFA /* DeleteModalViewController.swift */; };
		2B6378312ADD56BF00203AFA /* DeleteModalView.swift in Sources */ = {isa = PBXBuildFile; fileRef = 2B6378302ADD56BF00203AFA /* DeleteModalView.swift */; };
		2B6378332ADD684600203AFA /* TPopUpButton.swift in Sources */ = {isa = PBXBuildFile; fileRef = 2B6378322ADD684600203AFA /* TPopUpButton.swift */; };
		2B6378352ADD700B00203AFA /* NSNotification+.swift in Sources */ = {isa = PBXBuildFile; fileRef = 2B6378342ADD700B00203AFA /* NSNotification+.swift */; };
		2B6378372ADD729600203AFA /* EditChecklistNameView.swift in Sources */ = {isa = PBXBuildFile; fileRef = 2B6378362ADD729600203AFA /* EditChecklistNameView.swift */; };
		2B6378392ADD72A000203AFA /* EditChecklistNameViewController.swift in Sources */ = {isa = PBXBuildFile; fileRef = 2B6378382ADD72A000203AFA /* EditChecklistNameViewController.swift */; };
		2B6378422ADFCC9200203AFA /* EditModalViewController.swift in Sources */ = {isa = PBXBuildFile; fileRef = 2B6378412ADFCC9200203AFA /* EditModalViewController.swift */; };
		2B6378442ADFCCA100203AFA /* EditModalView.swift in Sources */ = {isa = PBXBuildFile; fileRef = 2B6378432ADFCCA100203AFA /* EditModalView.swift */; };
		2B6378462ADFF1E400203AFA /* HideKeyboard+.swift in Sources */ = {isa = PBXBuildFile; fileRef = 2B6378452ADFF1E400203AFA /* HideKeyboard+.swift */; };
		2B6785CE2AE90AF9009B2BD1 /* BookmarkTableRepository.swift in Sources */ = {isa = PBXBuildFile; fileRef = 2B6785CD2AE90AF9009B2BD1 /* BookmarkTableRepository.swift */; };
		2B6D55192BAACE7F0084FE93 /* GoogleService-Info.plist in Resources */ = {isa = PBXBuildFile; fileRef = 2B6D55182BAACE7F0084FE93 /* GoogleService-Info.plist */; };
		2B6D55212BAACFFF0084FE93 /* WidgetKit.framework in Frameworks */ = {isa = PBXBuildFile; fileRef = 2B6D55202BAACFFF0084FE93 /* WidgetKit.framework */; };
		2B6D55232BAACFFF0084FE93 /* SwiftUI.framework in Frameworks */ = {isa = PBXBuildFile; fileRef = 2B6D55222BAACFFF0084FE93 /* SwiftUI.framework */; };
		2B6D55262BAACFFF0084FE93 /* TempiWidgetBundle.swift in Sources */ = {isa = PBXBuildFile; fileRef = 2B6D55252BAACFFF0084FE93 /* TempiWidgetBundle.swift */; };
		2B6D55282BAACFFF0084FE93 /* TempiWidget.swift in Sources */ = {isa = PBXBuildFile; fileRef = 2B6D55272BAACFFF0084FE93 /* TempiWidget.swift */; };
		2B6D552A2BAAD0000084FE93 /* Assets.xcassets in Resources */ = {isa = PBXBuildFile; fileRef = 2B6D55292BAAD0000084FE93 /* Assets.xcassets */; };
		2B6D552E2BAAD0000084FE93 /* TempiWidgetExtension.appex in Embed Foundation Extensions */ = {isa = PBXBuildFile; fileRef = 2B6D551E2BAACFFF0084FE93 /* TempiWidgetExtension.appex */; settings = {ATTRIBUTES = (RemoveHeadersOnCopy, ); }; };
		2B76B8D22B24631E00F19F7C /* BookmarkTableViewCell.swift in Sources */ = {isa = PBXBuildFile; fileRef = 2B76B8D12B24631E00F19F7C /* BookmarkTableViewCell.swift */; };
		2B76B8D52B24639400F19F7C /* BaseTableViewCell.swift in Sources */ = {isa = PBXBuildFile; fileRef = 2B76B8D42B24639400F19F7C /* BaseTableViewCell.swift */; };
		2B76B8D72B2464A100F19F7C /* ReusableViewProtocol+.swift in Sources */ = {isa = PBXBuildFile; fileRef = 2B76B8D62B2464A100F19F7C /* ReusableViewProtocol+.swift */; };
		2B81053C2ACEFD3700B50223 /* SearchViewController.swift in Sources */ = {isa = PBXBuildFile; fileRef = 2B81053B2ACEFD3700B50223 /* SearchViewController.swift */; };
		2B81053E2ACEFD3F00B50223 /* SearchView.swift in Sources */ = {isa = PBXBuildFile; fileRef = 2B81053D2ACEFD3F00B50223 /* SearchView.swift */; };
		2B8105492AD02A0C00B50223 /* Realm in Frameworks */ = {isa = PBXBuildFile; productRef = 2B8105482AD02A0C00B50223 /* Realm */; };
		2B81054B2AD02A0C00B50223 /* RealmSwift in Frameworks */ = {isa = PBXBuildFile; productRef = 2B81054A2AD02A0C00B50223 /* RealmSwift */; };
		2B8105522AD02D0600B50223 /* ChecklistTable.swift in Sources */ = {isa = PBXBuildFile; fileRef = 2B8105512AD02D0600B50223 /* ChecklistTable.swift */; };
		2B8105542AD02DA400B50223 /* CheckItemTable.swift in Sources */ = {isa = PBXBuildFile; fileRef = 2B8105532AD02DA400B50223 /* CheckItemTable.swift */; };
		2B8105562AD02F7600B50223 /* BookmarkTable.swift in Sources */ = {isa = PBXBuildFile; fileRef = 2B8105552AD02F7600B50223 /* BookmarkTable.swift */; };
		2B8105692AD2C66B00B50223 /* CategoryDefaultModel.swift in Sources */ = {isa = PBXBuildFile; fileRef = 2B8105682AD2C66B00B50223 /* CategoryDefaultModel.swift */; };
		2B81056D2AD5141700B50223 /* DataManager.swift in Sources */ = {isa = PBXBuildFile; fileRef = 2B81056C2AD5141700B50223 /* DataManager.swift */; };
		2B91AB652AD6977B0078AB39 /* AddChecklistViewController.swift in Sources */ = {isa = PBXBuildFile; fileRef = 2B91AB642AD6977B0078AB39 /* AddChecklistViewController.swift */; };
		2B91AB692AD697940078AB39 /* AddChecklistView.swift in Sources */ = {isa = PBXBuildFile; fileRef = 2B91AB682AD697940078AB39 /* AddChecklistView.swift */; };
		2B91AB6B2AD699D70078AB39 /* AddChecklistCollectionViewCell.swift in Sources */ = {isa = PBXBuildFile; fileRef = 2B91AB6A2AD699D70078AB39 /* AddChecklistCollectionViewCell.swift */; };
		2B9529CD2ACC41BC0074D4F2 /* CategoryDetailViewController.swift in Sources */ = {isa = PBXBuildFile; fileRef = 2B9529CC2ACC41BC0074D4F2 /* CategoryDetailViewController.swift */; };
		2B9529CF2ACC41E40074D4F2 /* CategoryDetailView.swift in Sources */ = {isa = PBXBuildFile; fileRef = 2B9529CE2ACC41E40074D4F2 /* CategoryDetailView.swift */; };
		2B9529D12ACCE6760074D4F2 /* TButton.swift in Sources */ = {isa = PBXBuildFile; fileRef = 2B9529D02ACCE6760074D4F2 /* TButton.swift */; };
		2B952A042ACD67790074D4F2 /* SubCategoryCollectionViewCell.swift in Sources */ = {isa = PBXBuildFile; fileRef = 2B952A032ACD67790074D4F2 /* SubCategoryCollectionViewCell.swift */; };
		2B952A062ACD7E480074D4F2 /* CategoryChecklistViewController.swift in Sources */ = {isa = PBXBuildFile; fileRef = 2B952A052ACD7E480074D4F2 /* CategoryChecklistViewController.swift */; };
		2B952A082ACD7E9A0074D4F2 /* CategoryChecklistView.swift in Sources */ = {isa = PBXBuildFile; fileRef = 2B952A072ACD7E9A0074D4F2 /* CategoryChecklistView.swift */; };
		2B952A0A2ACD88D10074D4F2 /* TDivider.swift in Sources */ = {isa = PBXBuildFile; fileRef = 2B952A092ACD88D10074D4F2 /* TDivider.swift */; };
		2B952A0C2ACD895E0074D4F2 /* TBlankCheckBox.swift in Sources */ = {isa = PBXBuildFile; fileRef = 2B952A0B2ACD895E0074D4F2 /* TBlankCheckBox.swift */; };
		2B952A0E2ACE7B1B0074D4F2 /* CategoryChecklistCollectionViewCell.swift in Sources */ = {isa = PBXBuildFile; fileRef = 2B952A0D2ACE7B1B0074D4F2 /* CategoryChecklistCollectionViewCell.swift */; };
		2B952A112ACE83420074D4F2 /* ChecklistViewController.swift in Sources */ = {isa = PBXBuildFile; fileRef = 2B952A102ACE83420074D4F2 /* ChecklistViewController.swift */; };
		2B952A132ACE835F0074D4F2 /* ChecklistView.swift in Sources */ = {isa = PBXBuildFile; fileRef = 2B952A122ACE835F0074D4F2 /* ChecklistView.swift */; };
		2B952A152ACEA5960074D4F2 /* TImageButton.swift in Sources */ = {isa = PBXBuildFile; fileRef = 2B952A142ACEA5960074D4F2 /* TImageButton.swift */; };
		2B952A172ACEB1DC0074D4F2 /* ChecklistCollectionViewCell.swift in Sources */ = {isa = PBXBuildFile; fileRef = 2B952A162ACEB1DC0074D4F2 /* ChecklistCollectionViewCell.swift */; };
		2B9D8D422AD973F3006F42E0 /* BookmarkViewController.swift in Sources */ = {isa = PBXBuildFile; fileRef = 2B9D8D412AD973F3006F42E0 /* BookmarkViewController.swift */; };
		2B9D8D442AD97408006F42E0 /* BookmarkView.swift in Sources */ = {isa = PBXBuildFile; fileRef = 2B9D8D432AD97408006F42E0 /* BookmarkView.swift */; };
		2B9D8D4A2ADBB3B8006F42E0 /* ChecklistTableRepository.swift in Sources */ = {isa = PBXBuildFile; fileRef = 2B9D8D492ADBB3B8006F42E0 /* ChecklistTableRepository.swift */; };
		2BA2AED92AEEB3F60076324A /* NaviBarButton+.swift in Sources */ = {isa = PBXBuildFile; fileRef = 2BA2AED82AEEB3F60076324A /* NaviBarButton+.swift */; };
		2BA2AEE12AEEC9840076324A /* SwiftMessages in Frameworks */ = {isa = PBXBuildFile; productRef = 2BA2AEE02AEEC9840076324A /* SwiftMessages */; };
		2BA2AEE52AEFD4B60076324A /* CategoryData_ko.json in Resources */ = {isa = PBXBuildFile; fileRef = 2BA2AEE42AEFD4B50076324A /* CategoryData_ko.json */; };
		2BA2AEE72AEFD4C50076324A /* CategoryData_en.json in Resources */ = {isa = PBXBuildFile; fileRef = 2BA2AEE62AEFD4C50076324A /* CategoryData_en.json */; };
		2BA2AEEB2AF00C5B0076324A /* .gitignore in Resources */ = {isa = PBXBuildFile; fileRef = 2BA2AEEA2AF00C5B0076324A /* .gitignore */; };
		2BBFD9772AE83F3D00A00DEB /* LineSpacing+.swift in Sources */ = {isa = PBXBuildFile; fileRef = 2BBFD9762AE83F3D00A00DEB /* LineSpacing+.swift */; };
		2BC72B7A2AC717240014420F /* Font+.swift in Sources */ = {isa = PBXBuildFile; fileRef = 2BC72B792AC717240014420F /* Font+.swift */; };
		2BC72B7D2AC71FD50014420F /* SnapKit in Frameworks */ = {isa = PBXBuildFile; productRef = 2BC72B7C2AC71FD50014420F /* SnapKit */; };
		2BC72B7F2AC7207D0014420F /* BaseView.swift in Sources */ = {isa = PBXBuildFile; fileRef = 2BC72B7E2AC7207D0014420F /* BaseView.swift */; };
		2BC72B812AC720B30014420F /* BaseViewController.swift in Sources */ = {isa = PBXBuildFile; fileRef = 2BC72B802AC720B30014420F /* BaseViewController.swift */; };
		2BC72B852AC723160014420F /* BaseCollectionViewCell.swift in Sources */ = {isa = PBXBuildFile; fileRef = 2BC72B842AC723160014420F /* BaseCollectionViewCell.swift */; };
		2BC72B872AC727640014420F /* Alert+.swift in Sources */ = {isa = PBXBuildFile; fileRef = 2BC72B862AC727640014420F /* Alert+.swift */; };
		2BC72B8D2AC731D70014420F /* Constant.swift in Sources */ = {isa = PBXBuildFile; fileRef = 2BC72B8C2AC731D60014420F /* Constant.swift */; };
		2BC72B8F2AC84AD10014420F /* CategoryHomeViewController.swift in Sources */ = {isa = PBXBuildFile; fileRef = 2BC72B8E2AC84AD10014420F /* CategoryHomeViewController.swift */; };
		2BC72B912AC84AE40014420F /* CalendarViewController.swift in Sources */ = {isa = PBXBuildFile; fileRef = 2BC72B902AC84AE40014420F /* CalendarViewController.swift */; };
		2BDE84D02AC95CF90018C759 /* TLabel.swift in Sources */ = {isa = PBXBuildFile; fileRef = 2BDE84CF2AC95CF90018C759 /* TLabel.swift */; };
		2BDE84D32ACAB7EC0018C759 /* ReuseSearchWordsCollectionViewCell.swift in Sources */ = {isa = PBXBuildFile; fileRef = 2BDE84D22ACAB7EC0018C759 /* ReuseSearchWordsCollectionViewCell.swift */; };
		2BDE84D52ACAEBF10018C759 /* CategoryDisplayModel.swift in Sources */ = {isa = PBXBuildFile; fileRef = 2BDE84D42ACAEBF10018C759 /* CategoryDisplayModel.swift */; };
		2BDE84D72ACAFDCD0018C759 /* CategoryCollectionViewCell.swift in Sources */ = {isa = PBXBuildFile; fileRef = 2BDE84D62ACAFDCD0018C759 /* CategoryCollectionViewCell.swift */; };
		2BE49C782AE5961D00007EC9 /* SettingViewController.swift in Sources */ = {isa = PBXBuildFile; fileRef = 2BE49C772AE5961D00007EC9 /* SettingViewController.swift */; };
		2BE49C7A2AE5964500007EC9 /* SettingView.swift in Sources */ = {isa = PBXBuildFile; fileRef = 2BE49C792AE5964500007EC9 /* SettingView.swift */; };
		2BE9A25B2BA0516D00BD3A95 /* Localizable.xcstrings in Resources */ = {isa = PBXBuildFile; fileRef = 2BE9A25A2BA0516D00BD3A95 /* Localizable.xcstrings */; };
		2BF5FE0E2AC6E6C1009BCBD9 /* AppDelegate.swift in Sources */ = {isa = PBXBuildFile; fileRef = 2BF5FE0D2AC6E6C1009BCBD9 /* AppDelegate.swift */; };
		2BF5FE102AC6E6C1009BCBD9 /* SceneDelegate.swift in Sources */ = {isa = PBXBuildFile; fileRef = 2BF5FE0F2AC6E6C1009BCBD9 /* SceneDelegate.swift */; };
		2BF5FE122AC6E6C1009BCBD9 /* MyListViewController.swift in Sources */ = {isa = PBXBuildFile; fileRef = 2BF5FE112AC6E6C1009BCBD9 /* MyListViewController.swift */; };
		2BF5FE172AC6E6C2009BCBD9 /* Assets.xcassets in Resources */ = {isa = PBXBuildFile; fileRef = 2BF5FE162AC6E6C2009BCBD9 /* Assets.xcassets */; };
		2BF5FE1A2AC6E6C2009BCBD9 /* LaunchScreen.storyboard in Resources */ = {isa = PBXBuildFile; fileRef = 2BF5FE182AC6E6C2009BCBD9 /* LaunchScreen.storyboard */; };
		2BF5FE572AC703F1009BCBD9 /* Pretendard-Medium.otf in Resources */ = {isa = PBXBuildFile; fileRef = 2BF5FE522AC703F0009BCBD9 /* Pretendard-Medium.otf */; };
		2BF5FE582AC703F1009BCBD9 /* Pretendard-SemiBold.otf in Resources */ = {isa = PBXBuildFile; fileRef = 2BF5FE532AC703F0009BCBD9 /* Pretendard-SemiBold.otf */; };
		2BF5FE592AC703F1009BCBD9 /* Pretendard-Black.otf in Resources */ = {isa = PBXBuildFile; fileRef = 2BF5FE542AC703F1009BCBD9 /* Pretendard-Black.otf */; };
		2BF5FE5A2AC703F1009BCBD9 /* Pretendard-Bold.otf in Resources */ = {isa = PBXBuildFile; fileRef = 2BF5FE552AC703F1009BCBD9 /* Pretendard-Bold.otf */; };
		2BF5FE5B2AC703F1009BCBD9 /* Pretendard-Regular.otf in Resources */ = {isa = PBXBuildFile; fileRef = 2BF5FE562AC703F1009BCBD9 /* Pretendard-Regular.otf */; };
		2BF5FE652AC7079B009BCBD9 /* Localized+.swift in Sources */ = {isa = PBXBuildFile; fileRef = 2BF5FE642AC7079B009BCBD9 /* Localized+.swift */; };
		2BF5FE672AC70B51009BCBD9 /* Color+.swift in Sources */ = {isa = PBXBuildFile; fileRef = 2BF5FE662AC70B51009BCBD9 /* Color+.swift */; };
		2BFC74BF2AE2A70E00AD757D /* TempiLaunchScreen.jpg in Resources */ = {isa = PBXBuildFile; fileRef = 2BFC74BE2AE2A70E00AD757D /* TempiLaunchScreen.jpg */; };
		2BFE96E52AE553EF007CD4ED /* SearchResultCollectionViewCell.swift in Sources */ = {isa = PBXBuildFile; fileRef = 2BFE96E42AE553EF007CD4ED /* SearchResultCollectionViewCell.swift */; };
		2BFE96E72AE55F9F007CD4ED /* SearchHeaderView.swift in Sources */ = {isa = PBXBuildFile; fileRef = 2BFE96E62AE55F9F007CD4ED /* SearchHeaderView.swift */; };
/* End PBXBuildFile section */

/* Begin PBXContainerItemProxy section */
		2B6D552C2BAAD0000084FE93 /* PBXContainerItemProxy */ = {
			isa = PBXContainerItemProxy;
			containerPortal = 2BF5FE022AC6E6C1009BCBD9 /* Project object */;
			proxyType = 1;
			remoteGlobalIDString = 2B6D551D2BAACFFF0084FE93;
			remoteInfo = TempiWidgetExtension;
		};
/* End PBXContainerItemProxy section */

/* Begin PBXCopyFilesBuildPhase section */
		2B6D55322BAAD0000084FE93 /* Embed Foundation Extensions */ = {
			isa = PBXCopyFilesBuildPhase;
			buildActionMask = 2147483647;
			dstPath = "";
			dstSubfolderSpec = 13;
			files = (
				2B6D552E2BAAD0000084FE93 /* TempiWidgetExtension.appex in Embed Foundation Extensions */,
			);
			name = "Embed Foundation Extensions";
			runOnlyForDeploymentPostprocessing = 0;
		};
/* End PBXCopyFilesBuildPhase section */

/* Begin PBXFileReference section */
		2B10889B2B416AE30085EE4C /* SettingTableViewCell.swift */ = {isa = PBXFileReference; lastKnownFileType = sourcecode.swift; path = SettingTableViewCell.swift; sourceTree = "<group>"; };
		2B10889D2B416C300085EE4C /* SettingHeaderView.swift */ = {isa = PBXFileReference; lastKnownFileType = sourcecode.swift; path = SettingHeaderView.swift; sourceTree = "<group>"; };
		2B2D3E032AE3FF8700476A46 /* MyListCollectionViewCell.swift */ = {isa = PBXFileReference; lastKnownFileType = sourcecode.swift; path = MyListCollectionViewCell.swift; sourceTree = "<group>"; };
		2B2D3E052AE40E8D00476A46 /* MyListHeaderView.swift */ = {isa = PBXFileReference; lastKnownFileType = sourcecode.swift; path = MyListHeaderView.swift; sourceTree = "<group>"; };
		2B2D3E072AE4F7E800476A46 /* BaseCollectionReusableView.swift */ = {isa = PBXFileReference; lastKnownFileType = sourcecode.swift; path = BaseCollectionReusableView.swift; sourceTree = "<group>"; };
		2B2D3E092AE4F8BB00476A46 /* EmptyCollectionReusableView.swift */ = {isa = PBXFileReference; lastKnownFileType = sourcecode.swift; path = EmptyCollectionReusableView.swift; sourceTree = "<group>"; };
		2B49F59F2AC864F100FF903F /* CategoryHomeView.swift */ = {isa = PBXFileReference; lastKnownFileType = sourcecode.swift; path = CategoryHomeView.swift; sourceTree = "<group>"; };
		2B4FEA9D2AFF929300E12B69 /* Tempi.entitlements */ = {isa = PBXFileReference; lastKnownFileType = text.plist.entitlements; path = Tempi.entitlements; sourceTree = "<group>"; };
		2B5EABB52B03D54C004AD7D8 /* UserDefaults+.swift */ = {isa = PBXFileReference; lastKnownFileType = sourcecode.swift; path = "UserDefaults+.swift"; sourceTree = "<group>"; };
		2B63782A2ADBCCEF00203AFA /* CheckItemTableRepository.swift */ = {isa = PBXFileReference; lastKnownFileType = sourcecode.swift; path = CheckItemTableRepository.swift; sourceTree = "<group>"; };
		2B63782C2ADC578200203AFA /* MyListView.swift */ = {isa = PBXFileReference; lastKnownFileType = sourcecode.swift; path = MyListView.swift; sourceTree = "<group>"; };
		2B63782E2ADD56B700203AFA /* DeleteModalViewController.swift */ = {isa = PBXFileReference; lastKnownFileType = sourcecode.swift; path = DeleteModalViewController.swift; sourceTree = "<group>"; };
		2B6378302ADD56BF00203AFA /* DeleteModalView.swift */ = {isa = PBXFileReference; lastKnownFileType = sourcecode.swift; path = DeleteModalView.swift; sourceTree = "<group>"; };
		2B6378322ADD684600203AFA /* TPopUpButton.swift */ = {isa = PBXFileReference; lastKnownFileType = sourcecode.swift; path = TPopUpButton.swift; sourceTree = "<group>"; };
		2B6378342ADD700B00203AFA /* NSNotification+.swift */ = {isa = PBXFileReference; lastKnownFileType = sourcecode.swift; path = "NSNotification+.swift"; sourceTree = "<group>"; };
		2B6378362ADD729600203AFA /* EditChecklistNameView.swift */ = {isa = PBXFileReference; lastKnownFileType = sourcecode.swift; path = EditChecklistNameView.swift; sourceTree = "<group>"; };
		2B6378382ADD72A000203AFA /* EditChecklistNameViewController.swift */ = {isa = PBXFileReference; lastKnownFileType = sourcecode.swift; path = EditChecklistNameViewController.swift; sourceTree = "<group>"; };
		2B6378412ADFCC9200203AFA /* EditModalViewController.swift */ = {isa = PBXFileReference; lastKnownFileType = sourcecode.swift; path = EditModalViewController.swift; sourceTree = "<group>"; };
		2B6378432ADFCCA100203AFA /* EditModalView.swift */ = {isa = PBXFileReference; lastKnownFileType = sourcecode.swift; path = EditModalView.swift; sourceTree = "<group>"; };
		2B6378452ADFF1E400203AFA /* HideKeyboard+.swift */ = {isa = PBXFileReference; lastKnownFileType = sourcecode.swift; path = "HideKeyboard+.swift"; sourceTree = "<group>"; };
		2B6785CD2AE90AF9009B2BD1 /* BookmarkTableRepository.swift */ = {isa = PBXFileReference; lastKnownFileType = sourcecode.swift; path = BookmarkTableRepository.swift; sourceTree = "<group>"; };
		2B6D55182BAACE7F0084FE93 /* GoogleService-Info.plist */ = {isa = PBXFileReference; fileEncoding = 4; lastKnownFileType = text.plist.xml; path = "GoogleService-Info.plist"; sourceTree = "<group>"; };
		2B6D551E2BAACFFF0084FE93 /* TempiWidgetExtension.appex */ = {isa = PBXFileReference; explicitFileType = "wrapper.app-extension"; includeInIndex = 0; path = TempiWidgetExtension.appex; sourceTree = BUILT_PRODUCTS_DIR; };
		2B6D55202BAACFFF0084FE93 /* WidgetKit.framework */ = {isa = PBXFileReference; lastKnownFileType = wrapper.framework; name = WidgetKit.framework; path = System/Library/Frameworks/WidgetKit.framework; sourceTree = SDKROOT; };
		2B6D55222BAACFFF0084FE93 /* SwiftUI.framework */ = {isa = PBXFileReference; lastKnownFileType = wrapper.framework; name = SwiftUI.framework; path = System/Library/Frameworks/SwiftUI.framework; sourceTree = SDKROOT; };
		2B6D55252BAACFFF0084FE93 /* TempiWidgetBundle.swift */ = {isa = PBXFileReference; lastKnownFileType = sourcecode.swift; path = TempiWidgetBundle.swift; sourceTree = "<group>"; };
		2B6D55272BAACFFF0084FE93 /* TempiWidget.swift */ = {isa = PBXFileReference; lastKnownFileType = sourcecode.swift; path = TempiWidget.swift; sourceTree = "<group>"; };
		2B6D55292BAAD0000084FE93 /* Assets.xcassets */ = {isa = PBXFileReference; lastKnownFileType = folder.assetcatalog; path = Assets.xcassets; sourceTree = "<group>"; };
		2B6D552B2BAAD0000084FE93 /* Info.plist */ = {isa = PBXFileReference; lastKnownFileType = text.plist.xml; path = Info.plist; sourceTree = "<group>"; };
		2B76B8D12B24631E00F19F7C /* BookmarkTableViewCell.swift */ = {isa = PBXFileReference; lastKnownFileType = sourcecode.swift; path = BookmarkTableViewCell.swift; sourceTree = "<group>"; };
		2B76B8D42B24639400F19F7C /* BaseTableViewCell.swift */ = {isa = PBXFileReference; lastKnownFileType = sourcecode.swift; path = BaseTableViewCell.swift; sourceTree = "<group>"; };
		2B76B8D62B2464A100F19F7C /* ReusableViewProtocol+.swift */ = {isa = PBXFileReference; lastKnownFileType = sourcecode.swift; path = "ReusableViewProtocol+.swift"; sourceTree = "<group>"; };
		2B81053B2ACEFD3700B50223 /* SearchViewController.swift */ = {isa = PBXFileReference; lastKnownFileType = sourcecode.swift; path = SearchViewController.swift; sourceTree = "<group>"; };
		2B81053D2ACEFD3F00B50223 /* SearchView.swift */ = {isa = PBXFileReference; lastKnownFileType = sourcecode.swift; path = SearchView.swift; sourceTree = "<group>"; };
		2B8105512AD02D0600B50223 /* ChecklistTable.swift */ = {isa = PBXFileReference; lastKnownFileType = sourcecode.swift; path = ChecklistTable.swift; sourceTree = "<group>"; };
		2B8105532AD02DA400B50223 /* CheckItemTable.swift */ = {isa = PBXFileReference; lastKnownFileType = sourcecode.swift; path = CheckItemTable.swift; sourceTree = "<group>"; };
		2B8105552AD02F7600B50223 /* BookmarkTable.swift */ = {isa = PBXFileReference; lastKnownFileType = sourcecode.swift; path = BookmarkTable.swift; sourceTree = "<group>"; };
		2B8105682AD2C66B00B50223 /* CategoryDefaultModel.swift */ = {isa = PBXFileReference; lastKnownFileType = sourcecode.swift; path = CategoryDefaultModel.swift; sourceTree = "<group>"; };
		2B81056C2AD5141700B50223 /* DataManager.swift */ = {isa = PBXFileReference; lastKnownFileType = sourcecode.swift; path = DataManager.swift; sourceTree = "<group>"; };
		2B91AB642AD6977B0078AB39 /* AddChecklistViewController.swift */ = {isa = PBXFileReference; lastKnownFileType = sourcecode.swift; path = AddChecklistViewController.swift; sourceTree = "<group>"; };
		2B91AB682AD697940078AB39 /* AddChecklistView.swift */ = {isa = PBXFileReference; lastKnownFileType = sourcecode.swift; path = AddChecklistView.swift; sourceTree = "<group>"; };
		2B91AB6A2AD699D70078AB39 /* AddChecklistCollectionViewCell.swift */ = {isa = PBXFileReference; lastKnownFileType = sourcecode.swift; path = AddChecklistCollectionViewCell.swift; sourceTree = "<group>"; };
		2B9529CC2ACC41BC0074D4F2 /* CategoryDetailViewController.swift */ = {isa = PBXFileReference; lastKnownFileType = sourcecode.swift; path = CategoryDetailViewController.swift; sourceTree = "<group>"; };
		2B9529CE2ACC41E40074D4F2 /* CategoryDetailView.swift */ = {isa = PBXFileReference; lastKnownFileType = sourcecode.swift; path = CategoryDetailView.swift; sourceTree = "<group>"; };
		2B9529D02ACCE6760074D4F2 /* TButton.swift */ = {isa = PBXFileReference; lastKnownFileType = sourcecode.swift; path = TButton.swift; sourceTree = "<group>"; };
		2B952A032ACD67790074D4F2 /* SubCategoryCollectionViewCell.swift */ = {isa = PBXFileReference; lastKnownFileType = sourcecode.swift; path = SubCategoryCollectionViewCell.swift; sourceTree = "<group>"; };
		2B952A052ACD7E480074D4F2 /* CategoryChecklistViewController.swift */ = {isa = PBXFileReference; lastKnownFileType = sourcecode.swift; path = CategoryChecklistViewController.swift; sourceTree = "<group>"; };
		2B952A072ACD7E9A0074D4F2 /* CategoryChecklistView.swift */ = {isa = PBXFileReference; lastKnownFileType = sourcecode.swift; path = CategoryChecklistView.swift; sourceTree = "<group>"; };
		2B952A092ACD88D10074D4F2 /* TDivider.swift */ = {isa = PBXFileReference; lastKnownFileType = sourcecode.swift; path = TDivider.swift; sourceTree = "<group>"; };
		2B952A0B2ACD895E0074D4F2 /* TBlankCheckBox.swift */ = {isa = PBXFileReference; lastKnownFileType = sourcecode.swift; path = TBlankCheckBox.swift; sourceTree = "<group>"; };
		2B952A0D2ACE7B1B0074D4F2 /* CategoryChecklistCollectionViewCell.swift */ = {isa = PBXFileReference; lastKnownFileType = sourcecode.swift; path = CategoryChecklistCollectionViewCell.swift; sourceTree = "<group>"; };
		2B952A102ACE83420074D4F2 /* ChecklistViewController.swift */ = {isa = PBXFileReference; lastKnownFileType = sourcecode.swift; path = ChecklistViewController.swift; sourceTree = "<group>"; };
		2B952A122ACE835F0074D4F2 /* ChecklistView.swift */ = {isa = PBXFileReference; lastKnownFileType = sourcecode.swift; path = ChecklistView.swift; sourceTree = "<group>"; };
		2B952A142ACEA5960074D4F2 /* TImageButton.swift */ = {isa = PBXFileReference; lastKnownFileType = sourcecode.swift; path = TImageButton.swift; sourceTree = "<group>"; };
		2B952A162ACEB1DC0074D4F2 /* ChecklistCollectionViewCell.swift */ = {isa = PBXFileReference; lastKnownFileType = sourcecode.swift; path = ChecklistCollectionViewCell.swift; sourceTree = "<group>"; };
		2B9D8D412AD973F3006F42E0 /* BookmarkViewController.swift */ = {isa = PBXFileReference; lastKnownFileType = sourcecode.swift; path = BookmarkViewController.swift; sourceTree = "<group>"; };
		2B9D8D432AD97408006F42E0 /* BookmarkView.swift */ = {isa = PBXFileReference; lastKnownFileType = sourcecode.swift; path = BookmarkView.swift; sourceTree = "<group>"; };
		2B9D8D492ADBB3B8006F42E0 /* ChecklistTableRepository.swift */ = {isa = PBXFileReference; lastKnownFileType = sourcecode.swift; path = ChecklistTableRepository.swift; sourceTree = "<group>"; };
		2BA2AED82AEEB3F60076324A /* NaviBarButton+.swift */ = {isa = PBXFileReference; lastKnownFileType = sourcecode.swift; path = "NaviBarButton+.swift"; sourceTree = "<group>"; };
		2BA2AEE42AEFD4B50076324A /* CategoryData_ko.json */ = {isa = PBXFileReference; fileEncoding = 4; lastKnownFileType = text.json; path = CategoryData_ko.json; sourceTree = "<group>"; };
		2BA2AEE62AEFD4C50076324A /* CategoryData_en.json */ = {isa = PBXFileReference; fileEncoding = 4; lastKnownFileType = text.json; path = CategoryData_en.json; sourceTree = "<group>"; };
		2BA2AEEA2AF00C5B0076324A /* .gitignore */ = {isa = PBXFileReference; lastKnownFileType = text; path = .gitignore; sourceTree = "<group>"; };
		2BBFD9762AE83F3D00A00DEB /* LineSpacing+.swift */ = {isa = PBXFileReference; lastKnownFileType = sourcecode.swift; path = "LineSpacing+.swift"; sourceTree = "<group>"; };
		2BC2690B2B45467B00738F34 /* en */ = {isa = PBXFileReference; lastKnownFileType = text.plist.strings; name = en; path = en.lproj/LaunchScreen.strings; sourceTree = "<group>"; };
		2BC72B792AC717240014420F /* Font+.swift */ = {isa = PBXFileReference; lastKnownFileType = sourcecode.swift; path = "Font+.swift"; sourceTree = "<group>"; };
		2BC72B7E2AC7207D0014420F /* BaseView.swift */ = {isa = PBXFileReference; lastKnownFileType = sourcecode.swift; path = BaseView.swift; sourceTree = "<group>"; };
		2BC72B802AC720B30014420F /* BaseViewController.swift */ = {isa = PBXFileReference; lastKnownFileType = sourcecode.swift; path = BaseViewController.swift; sourceTree = "<group>"; };
		2BC72B842AC723160014420F /* BaseCollectionViewCell.swift */ = {isa = PBXFileReference; lastKnownFileType = sourcecode.swift; path = BaseCollectionViewCell.swift; sourceTree = "<group>"; };
		2BC72B862AC727640014420F /* Alert+.swift */ = {isa = PBXFileReference; lastKnownFileType = sourcecode.swift; path = "Alert+.swift"; sourceTree = "<group>"; };
		2BC72B8C2AC731D60014420F /* Constant.swift */ = {isa = PBXFileReference; lastKnownFileType = sourcecode.swift; path = Constant.swift; sourceTree = "<group>"; };
		2BC72B8E2AC84AD10014420F /* CategoryHomeViewController.swift */ = {isa = PBXFileReference; lastKnownFileType = sourcecode.swift; path = CategoryHomeViewController.swift; sourceTree = "<group>"; };
		2BC72B902AC84AE40014420F /* CalendarViewController.swift */ = {isa = PBXFileReference; lastKnownFileType = sourcecode.swift; path = CalendarViewController.swift; sourceTree = "<group>"; };
		2BDE84CF2AC95CF90018C759 /* TLabel.swift */ = {isa = PBXFileReference; lastKnownFileType = sourcecode.swift; path = TLabel.swift; sourceTree = "<group>"; };
		2BDE84D22ACAB7EC0018C759 /* ReuseSearchWordsCollectionViewCell.swift */ = {isa = PBXFileReference; lastKnownFileType = sourcecode.swift; path = ReuseSearchWordsCollectionViewCell.swift; sourceTree = "<group>"; };
		2BDE84D42ACAEBF10018C759 /* CategoryDisplayModel.swift */ = {isa = PBXFileReference; lastKnownFileType = sourcecode.swift; path = CategoryDisplayModel.swift; sourceTree = "<group>"; };
		2BDE84D62ACAFDCD0018C759 /* CategoryCollectionViewCell.swift */ = {isa = PBXFileReference; lastKnownFileType = sourcecode.swift; path = CategoryCollectionViewCell.swift; sourceTree = "<group>"; };
		2BE49C772AE5961D00007EC9 /* SettingViewController.swift */ = {isa = PBXFileReference; lastKnownFileType = sourcecode.swift; path = SettingViewController.swift; sourceTree = "<group>"; };
		2BE49C792AE5964500007EC9 /* SettingView.swift */ = {isa = PBXFileReference; lastKnownFileType = sourcecode.swift; path = SettingView.swift; sourceTree = "<group>"; };
		2BE9A25A2BA0516D00BD3A95 /* Localizable.xcstrings */ = {isa = PBXFileReference; lastKnownFileType = text.json.xcstrings; path = Localizable.xcstrings; sourceTree = "<group>"; };
		2BF5FE0A2AC6E6C1009BCBD9 /* Tempi.app */ = {isa = PBXFileReference; explicitFileType = wrapper.application; includeInIndex = 0; path = Tempi.app; sourceTree = BUILT_PRODUCTS_DIR; };
		2BF5FE0D2AC6E6C1009BCBD9 /* AppDelegate.swift */ = {isa = PBXFileReference; lastKnownFileType = sourcecode.swift; path = AppDelegate.swift; sourceTree = "<group>"; };
		2BF5FE0F2AC6E6C1009BCBD9 /* SceneDelegate.swift */ = {isa = PBXFileReference; lastKnownFileType = sourcecode.swift; path = SceneDelegate.swift; sourceTree = "<group>"; };
		2BF5FE112AC6E6C1009BCBD9 /* MyListViewController.swift */ = {isa = PBXFileReference; lastKnownFileType = sourcecode.swift; path = MyListViewController.swift; sourceTree = "<group>"; };
		2BF5FE162AC6E6C2009BCBD9 /* Assets.xcassets */ = {isa = PBXFileReference; lastKnownFileType = folder.assetcatalog; path = Assets.xcassets; sourceTree = "<group>"; };
		2BF5FE192AC6E6C2009BCBD9 /* Base */ = {isa = PBXFileReference; lastKnownFileType = file.storyboard; name = Base; path = Base.lproj/LaunchScreen.storyboard; sourceTree = "<group>"; };
		2BF5FE1B2AC6E6C2009BCBD9 /* Info.plist */ = {isa = PBXFileReference; lastKnownFileType = text.plist.xml; path = Info.plist; sourceTree = "<group>"; };
		2BF5FE522AC703F0009BCBD9 /* Pretendard-Medium.otf */ = {isa = PBXFileReference; lastKnownFileType = file; path = "Pretendard-Medium.otf"; sourceTree = "<group>"; };
		2BF5FE532AC703F0009BCBD9 /* Pretendard-SemiBold.otf */ = {isa = PBXFileReference; lastKnownFileType = file; path = "Pretendard-SemiBold.otf"; sourceTree = "<group>"; };
		2BF5FE542AC703F1009BCBD9 /* Pretendard-Black.otf */ = {isa = PBXFileReference; lastKnownFileType = file; path = "Pretendard-Black.otf"; sourceTree = "<group>"; };
		2BF5FE552AC703F1009BCBD9 /* Pretendard-Bold.otf */ = {isa = PBXFileReference; lastKnownFileType = file; path = "Pretendard-Bold.otf"; sourceTree = "<group>"; };
		2BF5FE562AC703F1009BCBD9 /* Pretendard-Regular.otf */ = {isa = PBXFileReference; lastKnownFileType = file; path = "Pretendard-Regular.otf"; sourceTree = "<group>"; };
		2BF5FE5C2AC705A9009BCBD9 /* ko */ = {isa = PBXFileReference; lastKnownFileType = text.plist.strings; name = ko; path = ko.lproj/LaunchScreen.strings; sourceTree = "<group>"; };
		2BF5FE642AC7079B009BCBD9 /* Localized+.swift */ = {isa = PBXFileReference; lastKnownFileType = sourcecode.swift; path = "Localized+.swift"; sourceTree = "<group>"; };
		2BF5FE662AC70B51009BCBD9 /* Color+.swift */ = {isa = PBXFileReference; lastKnownFileType = sourcecode.swift; path = "Color+.swift"; sourceTree = "<group>"; };
		2BFC74BE2AE2A70E00AD757D /* TempiLaunchScreen.jpg */ = {isa = PBXFileReference; lastKnownFileType = image.jpeg; path = TempiLaunchScreen.jpg; sourceTree = "<group>"; };
		2BFE96E42AE553EF007CD4ED /* SearchResultCollectionViewCell.swift */ = {isa = PBXFileReference; lastKnownFileType = sourcecode.swift; path = SearchResultCollectionViewCell.swift; sourceTree = "<group>"; };
		2BFE96E62AE55F9F007CD4ED /* SearchHeaderView.swift */ = {isa = PBXFileReference; lastKnownFileType = sourcecode.swift; path = SearchHeaderView.swift; sourceTree = "<group>"; };
/* End PBXFileReference section */

/* Begin PBXFrameworksBuildPhase section */
		2B6D551B2BAACFFF0084FE93 /* Frameworks */ = {
			isa = PBXFrameworksBuildPhase;
			buildActionMask = 2147483647;
			files = (
				2B6D55232BAACFFF0084FE93 /* SwiftUI.framework in Frameworks */,
				2B6D55212BAACFFF0084FE93 /* WidgetKit.framework in Frameworks */,
			);
			runOnlyForDeploymentPostprocessing = 0;
		};
		2BF5FE072AC6E6C1009BCBD9 /* Frameworks */ = {
			isa = PBXFrameworksBuildPhase;
			buildActionMask = 2147483647;
			files = (
				2B4FEAAC2AFF953800E12B69 /* FirebaseStorageCombine-Community in Frameworks */,
				2B81054B2AD02A0C00B50223 /* RealmSwift in Frameworks */,
				2B8105492AD02A0C00B50223 /* Realm in Frameworks */,
				2B4FEAA42AFF953800E12B69 /* FirebaseMessaging in Frameworks */,
				2B4FEAAA2AFF953800E12B69 /* FirebaseStorage in Frameworks */,
				2B4FEAA82AFF953800E12B69 /* FirebaseRemoteConfigSwift in Frameworks */,
				2BC72B7D2AC71FD50014420F /* SnapKit in Frameworks */,
				2B4FEAA22AFF953800E12B69 /* FirebaseCrashlytics in Frameworks */,
				2B4FEAA02AFF953800E12B69 /* FirebaseAnalytics in Frameworks */,
				2BA2AEE12AEEC9840076324A /* SwiftMessages in Frameworks */,
				2B4FEAA62AFF953800E12B69 /* FirebaseRemoteConfig in Frameworks */,
			);
			runOnlyForDeploymentPostprocessing = 0;
		};
/* End PBXFrameworksBuildPhase section */

/* Begin PBXGroup section */
		2B2D3E022AE3FF6000476A46 /* MyListCell */ = {
			isa = PBXGroup;
			children = (
				2B2D3E032AE3FF8700476A46 /* MyListCollectionViewCell.swift */,
			);
			path = MyListCell;
			sourceTree = "<group>";
		};
		2B6D551F2BAACFFF0084FE93 /* Frameworks */ = {
			isa = PBXGroup;
			children = (
				2B6D55202BAACFFF0084FE93 /* WidgetKit.framework */,
				2B6D55222BAACFFF0084FE93 /* SwiftUI.framework */,
			);
			name = Frameworks;
			sourceTree = "<group>";
		};
		2B6D55242BAACFFF0084FE93 /* TempiWidget */ = {
			isa = PBXGroup;
			children = (
				2B6D55252BAACFFF0084FE93 /* TempiWidgetBundle.swift */,
				2B6D55272BAACFFF0084FE93 /* TempiWidget.swift */,
				2B6D55292BAAD0000084FE93 /* Assets.xcassets */,
				2B6D552B2BAAD0000084FE93 /* Info.plist */,
			);
			path = TempiWidget;
			sourceTree = "<group>";
		};
		2B76B8D32B24632D00F19F7C /* Bookmark */ = {
			isa = PBXGroup;
			children = (
				2B9D8D412AD973F3006F42E0 /* BookmarkViewController.swift */,
				2B9D8D432AD97408006F42E0 /* BookmarkView.swift */,
				2B76B8D12B24631E00F19F7C /* BookmarkTableViewCell.swift */,
			);
			path = Bookmark;
			sourceTree = "<group>";
		};
		2B76B8D82B24D71A00F19F7C /* DeleteModal */ = {
			isa = PBXGroup;
			children = (
				2B63782E2ADD56B700203AFA /* DeleteModalViewController.swift */,
				2B6378302ADD56BF00203AFA /* DeleteModalView.swift */,
			);
			path = DeleteModal;
			sourceTree = "<group>";
		};
		2B76B8D92B24D74800F19F7C /* EditChecklistName */ = {
			isa = PBXGroup;
			children = (
				2B6378382ADD72A000203AFA /* EditChecklistNameViewController.swift */,
				2B6378362ADD729600203AFA /* EditChecklistNameView.swift */,
			);
			path = EditChecklistName;
			sourceTree = "<group>";
		};
		2B76B8DA2B24D76A00F19F7C /* EditModal */ = {
			isa = PBXGroup;
			children = (
				2B6378412ADFCC9200203AFA /* EditModalViewController.swift */,
				2B6378432ADFCCA100203AFA /* EditModalView.swift */,
			);
			path = EditModal;
			sourceTree = "<group>";
		};
		2B76B8DB2B24D83600F19F7C /* CategoryHome */ = {
			isa = PBXGroup;
			children = (
				2BC72B8E2AC84AD10014420F /* CategoryHomeViewController.swift */,
				2B49F59F2AC864F100FF903F /* CategoryHomeView.swift */,
			);
			path = CategoryHome;
			sourceTree = "<group>";
		};
		2B76B8DC2B24D85000F19F7C /* CategoryDetail */ = {
			isa = PBXGroup;
			children = (
				2B9529CC2ACC41BC0074D4F2 /* CategoryDetailViewController.swift */,
				2B9529CE2ACC41E40074D4F2 /* CategoryDetailView.swift */,
			);
			path = CategoryDetail;
			sourceTree = "<group>";
		};
		2B76B8DD2B24D86B00F19F7C /* CategoryChecklist */ = {
			isa = PBXGroup;
			children = (
				2B952A052ACD7E480074D4F2 /* CategoryChecklistViewController.swift */,
				2B952A072ACD7E9A0074D4F2 /* CategoryChecklistView.swift */,
			);
			path = CategoryChecklist;
			sourceTree = "<group>";
		};
		2B76B8DE2B24D9B500F19F7C /* AddChecklist */ = {
			isa = PBXGroup;
			children = (
				2B91AB682AD697940078AB39 /* AddChecklistView.swift */,
				2B91AB642AD6977B0078AB39 /* AddChecklistViewController.swift */,
			);
			path = AddChecklist;
			sourceTree = "<group>";
		};
		2B76B8DF2B24D9CB00F19F7C /* Checklist */ = {
			isa = PBXGroup;
			children = (
				2B952A122ACE835F0074D4F2 /* ChecklistView.swift */,
				2B952A102ACE83420074D4F2 /* ChecklistViewController.swift */,
			);
			path = Checklist;
			sourceTree = "<group>";
		};
		2B8105382ACEFCBD00B50223 /* CategoryCell */ = {
			isa = PBXGroup;
			children = (
				2BDE84D62ACAFDCD0018C759 /* CategoryCollectionViewCell.swift */,
				2B952A032ACD67790074D4F2 /* SubCategoryCollectionViewCell.swift */,
				2B952A0D2ACE7B1B0074D4F2 /* CategoryChecklistCollectionViewCell.swift */,
			);
			path = CategoryCell;
			sourceTree = "<group>";
		};
		2B8105392ACEFCDB00B50223 /* ChecklistCell */ = {
			isa = PBXGroup;
			children = (
				2B91AB6A2AD699D70078AB39 /* AddChecklistCollectionViewCell.swift */,
				2B952A162ACEB1DC0074D4F2 /* ChecklistCollectionViewCell.swift */,
			);
			path = ChecklistCell;
			sourceTree = "<group>";
		};
		2B81053A2ACEFCF500B50223 /* Search */ = {
			isa = PBXGroup;
			children = (
				2B81053B2ACEFD3700B50223 /* SearchViewController.swift */,
				2B81053D2ACEFD3F00B50223 /* SearchView.swift */,
				2BFE96E62AE55F9F007CD4ED /* SearchHeaderView.swift */,
				2BF5FE492AC6F9A6009BCBD9 /* SearchCell */,
			);
			path = Search;
			sourceTree = "<group>";
		};
		2B81054C2AD02ABA00B50223 /* RealmTable */ = {
			isa = PBXGroup;
			children = (
				2B8105512AD02D0600B50223 /* ChecklistTable.swift */,
				2B8105532AD02DA400B50223 /* CheckItemTable.swift */,
				2B8105552AD02F7600B50223 /* BookmarkTable.swift */,
			);
			path = RealmTable;
			sourceTree = "<group>";
		};
		2B952A0F2ACE818C0074D4F2 /* CustomChecklist */ = {
			isa = PBXGroup;
			children = (
				2B76B8DE2B24D9B500F19F7C /* AddChecklist */,
				2B76B8DF2B24D9CB00F19F7C /* Checklist */,
				2B76B8D32B24632D00F19F7C /* Bookmark */,
				2BAF93FD2AE041AA00F0584A /* ReuseModal */,
				2B8105392ACEFCDB00B50223 /* ChecklistCell */,
			);
			path = CustomChecklist;
			sourceTree = "<group>";
		};
		2BA2AED32AEE69B80076324A /* CategoryDefaultData */ = {
			isa = PBXGroup;
			children = (
				2BA2AEE62AEFD4C50076324A /* CategoryData_en.json */,
				2BA2AEE42AEFD4B50076324A /* CategoryData_ko.json */,
			);
			path = CategoryDefaultData;
			sourceTree = "<group>";
		};
		2BAF93FD2AE041AA00F0584A /* ReuseModal */ = {
			isa = PBXGroup;
			children = (
				2B76B8D82B24D71A00F19F7C /* DeleteModal */,
				2B76B8DA2B24D76A00F19F7C /* EditModal */,
				2B76B8D92B24D74800F19F7C /* EditChecklistName */,
			);
			path = ReuseModal;
			sourceTree = "<group>";
		};
		2BC268BB2B4298A200738F34 /* SettingCell */ = {
			isa = PBXGroup;
			children = (
				2B10889B2B416AE30085EE4C /* SettingTableViewCell.swift */,
			);
			path = SettingCell;
			sourceTree = "<group>";
		};
		2BDE84D12AC95FEB0018C759 /* Component */ = {
			isa = PBXGroup;
			children = (
				2BDE84CF2AC95CF90018C759 /* TLabel.swift */,
				2B9529D02ACCE6760074D4F2 /* TButton.swift */,
				2B952A092ACD88D10074D4F2 /* TDivider.swift */,
				2B952A0B2ACD895E0074D4F2 /* TBlankCheckBox.swift */,
				2B952A142ACEA5960074D4F2 /* TImageButton.swift */,
				2B6378322ADD684600203AFA /* TPopUpButton.swift */,
			);
			path = Component;
			sourceTree = "<group>";
		};
		2BE49C752AE595B200007EC9 /* Setting */ = {
			isa = PBXGroup;
			children = (
				2BE49C772AE5961D00007EC9 /* SettingViewController.swift */,
				2BE49C792AE5964500007EC9 /* SettingView.swift */,
				2B10889D2B416C300085EE4C /* SettingHeaderView.swift */,
				2BC268BB2B4298A200738F34 /* SettingCell */,
			);
			path = Setting;
			sourceTree = "<group>";
		};
		2BF5FE012AC6E6C1009BCBD9 = {
			isa = PBXGroup;
			children = (
				2BF5FE0C2AC6E6C1009BCBD9 /* Tempi */,
				2B6D55242BAACFFF0084FE93 /* TempiWidget */,
				2B6D551F2BAACFFF0084FE93 /* Frameworks */,
				2BF5FE0B2AC6E6C1009BCBD9 /* Products */,
			);
			sourceTree = "<group>";
		};
		2BF5FE0B2AC6E6C1009BCBD9 /* Products */ = {
			isa = PBXGroup;
			children = (
				2BF5FE0A2AC6E6C1009BCBD9 /* Tempi.app */,
				2B6D551E2BAACFFF0084FE93 /* TempiWidgetExtension.appex */,
			);
			name = Products;
			sourceTree = "<group>";
		};
		2BF5FE0C2AC6E6C1009BCBD9 /* Tempi */ = {
			isa = PBXGroup;
			children = (
				2B4FEA9D2AFF929300E12B69 /* Tempi.entitlements */,
				2BA2AEEA2AF00C5B0076324A /* .gitignore */,
				2B6D55182BAACE7F0084FE93 /* GoogleService-Info.plist */,
				2BF5FE1B2AC6E6C2009BCBD9 /* Info.plist */,
				2BF5FE472AC6F7B8009BCBD9 /* Application */,
				2BF5FE342AC6F3D0009BCBD9 /* Source */,
				2BF5FE3A2AC6F411009BCBD9 /* Resource */,
				2BF5FE4F2AC6FD46009BCBD9 /* Localization */,
			);
			path = Tempi;
			sourceTree = "<group>";
		};
		2BF5FE342AC6F3D0009BCBD9 /* Source */ = {
			isa = PBXGroup;
			children = (
				2BF5FE382AC6F3FB009BCBD9 /* Data */,
				2BF5FE432AC6F686009BCBD9 /* Domain */,
				2BF5FE392AC6F406009BCBD9 /* Utility */,
			);
			path = Source;
			sourceTree = "<group>";
		};
		2BF5FE382AC6F3FB009BCBD9 /* Data */ = {
			isa = PBXGroup;
			children = (
				2BF5FE422AC6F666009BCBD9 /* Manager */,
				2B81054C2AD02ABA00B50223 /* RealmTable */,
				2BF5FE412AC6F59C009BCBD9 /* Repository */,
			);
			path = Data;
			sourceTree = "<group>";
		};
		2BF5FE392AC6F406009BCBD9 /* Utility */ = {
			isa = PBXGroup;
			children = (
				2BF5FE3D2AC6F49C009BCBD9 /* DesignSystem */,
			);
			path = Utility;
			sourceTree = "<group>";
		};
		2BF5FE3A2AC6F411009BCBD9 /* Resource */ = {
			isa = PBXGroup;
			children = (
				2BA2AED32AEE69B80076324A /* CategoryDefaultData */,
				2BFC74C02AE2A78900AD757D /* LaunchScreen */,
				2BF5FE3B2AC6F46A009BCBD9 /* Fonts */,
				2BF5FE162AC6E6C2009BCBD9 /* Assets.xcassets */,
				2BF5FE182AC6E6C2009BCBD9 /* LaunchScreen.storyboard */,
			);
			path = Resource;
			sourceTree = "<group>";
		};
		2BF5FE3B2AC6F46A009BCBD9 /* Fonts */ = {
			isa = PBXGroup;
			children = (
				2BF5FE3C2AC6F475009BCBD9 /* Pretendard */,
			);
			path = Fonts;
			sourceTree = "<group>";
		};
		2BF5FE3C2AC6F475009BCBD9 /* Pretendard */ = {
			isa = PBXGroup;
			children = (
				2BF5FE542AC703F1009BCBD9 /* Pretendard-Black.otf */,
				2BF5FE552AC703F1009BCBD9 /* Pretendard-Bold.otf */,
				2BF5FE522AC703F0009BCBD9 /* Pretendard-Medium.otf */,
				2BF5FE562AC703F1009BCBD9 /* Pretendard-Regular.otf */,
				2BF5FE532AC703F0009BCBD9 /* Pretendard-SemiBold.otf */,
			);
			path = Pretendard;
			sourceTree = "<group>";
		};
		2BF5FE3D2AC6F49C009BCBD9 /* DesignSystem */ = {
			isa = PBXGroup;
			children = (
				2BDE84D12AC95FEB0018C759 /* Component */,
				2BF5FE3F2AC6F4FA009BCBD9 /* Constant */,
				2BF5FE402AC6F50D009BCBD9 /* Extension */,
			);
			path = DesignSystem;
			sourceTree = "<group>";
		};
		2BF5FE3F2AC6F4FA009BCBD9 /* Constant */ = {
			isa = PBXGroup;
			children = (
				2BC72B8C2AC731D60014420F /* Constant.swift */,
			);
			path = Constant;
			sourceTree = "<group>";
		};
		2BF5FE402AC6F50D009BCBD9 /* Extension */ = {
			isa = PBXGroup;
			children = (
				2BF5FE642AC7079B009BCBD9 /* Localized+.swift */,
				2BF5FE662AC70B51009BCBD9 /* Color+.swift */,
				2BC72B792AC717240014420F /* Font+.swift */,
				2BC72B862AC727640014420F /* Alert+.swift */,
				2B6378342ADD700B00203AFA /* NSNotification+.swift */,
				2B6378452ADFF1E400203AFA /* HideKeyboard+.swift */,
				2BBFD9762AE83F3D00A00DEB /* LineSpacing+.swift */,
				2BA2AED82AEEB3F60076324A /* NaviBarButton+.swift */,
				2B5EABB52B03D54C004AD7D8 /* UserDefaults+.swift */,
				2B76B8D62B2464A100F19F7C /* ReusableViewProtocol+.swift */,
			);
			path = Extension;
			sourceTree = "<group>";
		};
		2BF5FE412AC6F59C009BCBD9 /* Repository */ = {
			isa = PBXGroup;
			children = (
				2B9D8D492ADBB3B8006F42E0 /* ChecklistTableRepository.swift */,
				2B63782A2ADBCCEF00203AFA /* CheckItemTableRepository.swift */,
				2B6785CD2AE90AF9009B2BD1 /* BookmarkTableRepository.swift */,
			);
			path = Repository;
			sourceTree = "<group>";
		};
		2BF5FE422AC6F666009BCBD9 /* Manager */ = {
			isa = PBXGroup;
			children = (
				2B81056C2AD5141700B50223 /* DataManager.swift */,
			);
			path = Manager;
			sourceTree = "<group>";
		};
		2BF5FE432AC6F686009BCBD9 /* Domain */ = {
			isa = PBXGroup;
			children = (
				2BF5FE4D2AC6FA29009BCBD9 /* Base */,
				2BF5FE462AC6F6A0009BCBD9 /* Model */,
				2BF5FE442AC6F691009BCBD9 /* View */,
			);
			path = Domain;
			sourceTree = "<group>";
		};
		2BF5FE442AC6F691009BCBD9 /* View */ = {
			isa = PBXGroup;
			children = (
				2B81053A2ACEFCF500B50223 /* Search */,
				2B952A0F2ACE818C0074D4F2 /* CustomChecklist */,
				2BF5FE4B2AC6F9C5009BCBD9 /* Category */,
				2BF5FE4C2AC6F9DC009BCBD9 /* MyList */,
				2BF5FE4A2AC6F9B8009BCBD9 /* Calendar */,
				2BE49C752AE595B200007EC9 /* Setting */,
			);
			path = View;
			sourceTree = "<group>";
		};
		2BF5FE462AC6F6A0009BCBD9 /* Model */ = {
			isa = PBXGroup;
			children = (
				2BDE84D42ACAEBF10018C759 /* CategoryDisplayModel.swift */,
				2B8105682AD2C66B00B50223 /* CategoryDefaultModel.swift */,
			);
			path = Model;
			sourceTree = "<group>";
		};
		2BF5FE472AC6F7B8009BCBD9 /* Application */ = {
			isa = PBXGroup;
			children = (
				2BF5FE0D2AC6E6C1009BCBD9 /* AppDelegate.swift */,
				2BF5FE0F2AC6E6C1009BCBD9 /* SceneDelegate.swift */,
			);
			path = Application;
			sourceTree = "<group>";
		};
		2BF5FE492AC6F9A6009BCBD9 /* SearchCell */ = {
			isa = PBXGroup;
			children = (
				2BDE84D22ACAB7EC0018C759 /* ReuseSearchWordsCollectionViewCell.swift */,
				2BFE96E42AE553EF007CD4ED /* SearchResultCollectionViewCell.swift */,
			);
			path = SearchCell;
			sourceTree = "<group>";
		};
		2BF5FE4A2AC6F9B8009BCBD9 /* Calendar */ = {
			isa = PBXGroup;
			children = (
				2BC72B902AC84AE40014420F /* CalendarViewController.swift */,
			);
			path = Calendar;
			sourceTree = "<group>";
		};
		2BF5FE4B2AC6F9C5009BCBD9 /* Category */ = {
			isa = PBXGroup;
			children = (
				2B76B8DB2B24D83600F19F7C /* CategoryHome */,
				2B76B8DC2B24D85000F19F7C /* CategoryDetail */,
				2B76B8DD2B24D86B00F19F7C /* CategoryChecklist */,
				2B8105382ACEFCBD00B50223 /* CategoryCell */,
			);
			path = Category;
			sourceTree = "<group>";
		};
		2BF5FE4C2AC6F9DC009BCBD9 /* MyList */ = {
			isa = PBXGroup;
			children = (
				2BF5FE112AC6E6C1009BCBD9 /* MyListViewController.swift */,
				2B63782C2ADC578200203AFA /* MyListView.swift */,
				2B2D3E052AE40E8D00476A46 /* MyListHeaderView.swift */,
				2B2D3E092AE4F8BB00476A46 /* EmptyCollectionReusableView.swift */,
				2B2D3E022AE3FF6000476A46 /* MyListCell */,
			);
			path = MyList;
			sourceTree = "<group>";
		};
		2BF5FE4D2AC6FA29009BCBD9 /* Base */ = {
			isa = PBXGroup;
			children = (
				2BC72B7E2AC7207D0014420F /* BaseView.swift */,
				2BC72B802AC720B30014420F /* BaseViewController.swift */,
				2BC72B842AC723160014420F /* BaseCollectionViewCell.swift */,
				2B2D3E072AE4F7E800476A46 /* BaseCollectionReusableView.swift */,
				2B76B8D42B24639400F19F7C /* BaseTableViewCell.swift */,
			);
			path = Base;
			sourceTree = "<group>";
		};
		2BF5FE4F2AC6FD46009BCBD9 /* Localization */ = {
			isa = PBXGroup;
			children = (
				2BE9A25A2BA0516D00BD3A95 /* Localizable.xcstrings */,
			);
			path = Localization;
			sourceTree = "<group>";
		};
		2BFC74C02AE2A78900AD757D /* LaunchScreen */ = {
			isa = PBXGroup;
			children = (
				2BFC74BE2AE2A70E00AD757D /* TempiLaunchScreen.jpg */,
			);
			path = LaunchScreen;
			sourceTree = "<group>";
		};
/* End PBXGroup section */

/* Begin PBXNativeTarget section */
		2B6D551D2BAACFFF0084FE93 /* TempiWidgetExtension */ = {
			isa = PBXNativeTarget;
			buildConfigurationList = 2B6D552F2BAAD0000084FE93 /* Build configuration list for PBXNativeTarget "TempiWidgetExtension" */;
			buildPhases = (
				2B6D551A2BAACFFF0084FE93 /* Sources */,
				2B6D551B2BAACFFF0084FE93 /* Frameworks */,
				2B6D551C2BAACFFF0084FE93 /* Resources */,
			);
			buildRules = (
			);
			dependencies = (
			);
			name = TempiWidgetExtension;
			productName = TempiWidgetExtension;
			productReference = 2B6D551E2BAACFFF0084FE93 /* TempiWidgetExtension.appex */;
			productType = "com.apple.product-type.app-extension";
		};
		2BF5FE092AC6E6C1009BCBD9 /* Tempi */ = {
			isa = PBXNativeTarget;
			buildConfigurationList = 2BF5FE1E2AC6E6C2009BCBD9 /* Build configuration list for PBXNativeTarget "Tempi" */;
			buildPhases = (
				2BF5FE062AC6E6C1009BCBD9 /* Sources */,
				2BF5FE072AC6E6C1009BCBD9 /* Frameworks */,
				2BF5FE082AC6E6C1009BCBD9 /* Resources */,
				2B6D55322BAAD0000084FE93 /* Embed Foundation Extensions */,
			);
			buildRules = (
			);
			dependencies = (
				2B6D552D2BAAD0000084FE93 /* PBXTargetDependency */,
			);
			name = Tempi;
			packageProductDependencies = (
				2BC72B7C2AC71FD50014420F /* SnapKit */,
				2B8105482AD02A0C00B50223 /* Realm */,
				2B81054A2AD02A0C00B50223 /* RealmSwift */,
				2BA2AEE02AEEC9840076324A /* SwiftMessages */,
				2B4FEA9F2AFF953800E12B69 /* FirebaseAnalytics */,
				2B4FEAA12AFF953800E12B69 /* FirebaseCrashlytics */,
				2B4FEAA32AFF953800E12B69 /* FirebaseMessaging */,
				2B4FEAA52AFF953800E12B69 /* FirebaseRemoteConfig */,
				2B4FEAA72AFF953800E12B69 /* FirebaseRemoteConfigSwift */,
				2B4FEAA92AFF953800E12B69 /* FirebaseStorage */,
				2B4FEAAB2AFF953800E12B69 /* FirebaseStorageCombine-Community */,
			);
			productName = Tempi;
			productReference = 2BF5FE0A2AC6E6C1009BCBD9 /* Tempi.app */;
			productType = "com.apple.product-type.application";
		};
/* End PBXNativeTarget section */

/* Begin PBXProject section */
		2BF5FE022AC6E6C1009BCBD9 /* Project object */ = {
			isa = PBXProject;
			attributes = {
				BuildIndependentTargetsInParallel = 1;
				LastSwiftUpdateCheck = 1500;
				LastUpgradeCheck = 1500;
				TargetAttributes = {
					2B6D551D2BAACFFF0084FE93 = {
						CreatedOnToolsVersion = 15.0.1;
					};
					2BF5FE092AC6E6C1009BCBD9 = {
						CreatedOnToolsVersion = 15.0;
					};
				};
			};
			buildConfigurationList = 2BF5FE052AC6E6C1009BCBD9 /* Build configuration list for PBXProject "Tempi" */;
			compatibilityVersion = "Xcode 14.0";
			developmentRegion = en;
			hasScannedForEncodings = 0;
			knownRegions = (
				en,
				Base,
				ko,
			);
			mainGroup = 2BF5FE012AC6E6C1009BCBD9;
			packageReferences = (
				2BC72B7B2AC71FD40014420F /* XCRemoteSwiftPackageReference "SnapKit" */,
				2B8105472AD02A0C00B50223 /* XCRemoteSwiftPackageReference "realm-swift" */,
				2BA2AEDF2AEEC9840076324A /* XCRemoteSwiftPackageReference "SwiftMessages" */,
				2B4FEA9E2AFF953800E12B69 /* XCRemoteSwiftPackageReference "firebase-ios-sdk" */,
			);
			productRefGroup = 2BF5FE0B2AC6E6C1009BCBD9 /* Products */;
			projectDirPath = "";
			projectRoot = "";
			targets = (
				2BF5FE092AC6E6C1009BCBD9 /* Tempi */,
				2B6D551D2BAACFFF0084FE93 /* TempiWidgetExtension */,
			);
		};
/* End PBXProject section */

/* Begin PBXResourcesBuildPhase section */
		2B6D551C2BAACFFF0084FE93 /* Resources */ = {
			isa = PBXResourcesBuildPhase;
			buildActionMask = 2147483647;
			files = (
				2B6D552A2BAAD0000084FE93 /* Assets.xcassets in Resources */,
			);
			runOnlyForDeploymentPostprocessing = 0;
		};
		2BF5FE082AC6E6C1009BCBD9 /* Resources */ = {
			isa = PBXResourcesBuildPhase;
			buildActionMask = 2147483647;
			files = (
				2B6D55192BAACE7F0084FE93 /* GoogleService-Info.plist in Resources */,
				2BA2AEE72AEFD4C50076324A /* CategoryData_en.json in Resources */,
				2BF5FE1A2AC6E6C2009BCBD9 /* LaunchScreen.storyboard in Resources */,
				2BF5FE5A2AC703F1009BCBD9 /* Pretendard-Bold.otf in Resources */,
				2BFC74BF2AE2A70E00AD757D /* TempiLaunchScreen.jpg in Resources */,
				2BA2AEEB2AF00C5B0076324A /* .gitignore in Resources */,
				2BA2AEE52AEFD4B60076324A /* CategoryData_ko.json in Resources */,
				2BF5FE172AC6E6C2009BCBD9 /* Assets.xcassets in Resources */,
				2BF5FE572AC703F1009BCBD9 /* Pretendard-Medium.otf in Resources */,
				2BF5FE5B2AC703F1009BCBD9 /* Pretendard-Regular.otf in Resources */,
				2BF5FE582AC703F1009BCBD9 /* Pretendard-SemiBold.otf in Resources */,
				2BE9A25B2BA0516D00BD3A95 /* Localizable.xcstrings in Resources */,
				2BF5FE592AC703F1009BCBD9 /* Pretendard-Black.otf in Resources */,
			);
			runOnlyForDeploymentPostprocessing = 0;
		};
/* End PBXResourcesBuildPhase section */

/* Begin PBXSourcesBuildPhase section */
		2B6D551A2BAACFFF0084FE93 /* Sources */ = {
			isa = PBXSourcesBuildPhase;
			buildActionMask = 2147483647;
			files = (
				2B6D55262BAACFFF0084FE93 /* TempiWidgetBundle.swift in Sources */,
				2B6D55282BAACFFF0084FE93 /* TempiWidget.swift in Sources */,
			);
			runOnlyForDeploymentPostprocessing = 0;
		};
		2BF5FE062AC6E6C1009BCBD9 /* Sources */ = {
			isa = PBXSourcesBuildPhase;
			buildActionMask = 2147483647;
			files = (
				2B2D3E0A2AE4F8BB00476A46 /* EmptyCollectionReusableView.swift in Sources */,
				2B6378442ADFCCA100203AFA /* EditModalView.swift in Sources */,
				2B9D8D422AD973F3006F42E0 /* BookmarkViewController.swift in Sources */,
				2B952A112ACE83420074D4F2 /* ChecklistViewController.swift in Sources */,
				2B91AB652AD6977B0078AB39 /* AddChecklistViewController.swift in Sources */,
				2B6378422ADFCC9200203AFA /* EditModalViewController.swift in Sources */,
				2B2D3E062AE40E8D00476A46 /* MyListHeaderView.swift in Sources */,
				2BC72B7A2AC717240014420F /* Font+.swift in Sources */,
				2B6378352ADD700B00203AFA /* NSNotification+.swift in Sources */,
				2BF5FE122AC6E6C1009BCBD9 /* MyListViewController.swift in Sources */,
				2BC72B852AC723160014420F /* BaseCollectionViewCell.swift in Sources */,
				2B10889C2B416AE30085EE4C /* SettingTableViewCell.swift in Sources */,
				2B63782F2ADD56B700203AFA /* DeleteModalViewController.swift in Sources */,
				2BF5FE672AC70B51009BCBD9 /* Color+.swift in Sources */,
				2B81053E2ACEFD3F00B50223 /* SearchView.swift in Sources */,
				2B952A082ACD7E9A0074D4F2 /* CategoryChecklistView.swift in Sources */,
				2B952A042ACD67790074D4F2 /* SubCategoryCollectionViewCell.swift in Sources */,
				2B2D3E082AE4F7E800476A46 /* BaseCollectionReusableView.swift in Sources */,
				2BBFD9772AE83F3D00A00DEB /* LineSpacing+.swift in Sources */,
				2B9529CF2ACC41E40074D4F2 /* CategoryDetailView.swift in Sources */,
				2B952A0A2ACD88D10074D4F2 /* TDivider.swift in Sources */,
				2BDE84D52ACAEBF10018C759 /* CategoryDisplayModel.swift in Sources */,
				2BF5FE0E2AC6E6C1009BCBD9 /* AppDelegate.swift in Sources */,
				2B8105522AD02D0600B50223 /* ChecklistTable.swift in Sources */,
				2B81053C2ACEFD3700B50223 /* SearchViewController.swift in Sources */,
				2B63782B2ADBCCEF00203AFA /* CheckItemTableRepository.swift in Sources */,
				2B81056D2AD5141700B50223 /* DataManager.swift in Sources */,
				2B8105692AD2C66B00B50223 /* CategoryDefaultModel.swift in Sources */,
				2B9529D12ACCE6760074D4F2 /* TButton.swift in Sources */,
				2B6378392ADD72A000203AFA /* EditChecklistNameViewController.swift in Sources */,
				2BDE84D02AC95CF90018C759 /* TLabel.swift in Sources */,
				2BC72B7F2AC7207D0014420F /* BaseView.swift in Sources */,
				2B6378372ADD729600203AFA /* EditChecklistNameView.swift in Sources */,
				2B9529CD2ACC41BC0074D4F2 /* CategoryDetailViewController.swift in Sources */,
				2BC72B872AC727640014420F /* Alert+.swift in Sources */,
				2B9D8D4A2ADBB3B8006F42E0 /* ChecklistTableRepository.swift in Sources */,
				2B6785CE2AE90AF9009B2BD1 /* BookmarkTableRepository.swift in Sources */,
				2B63782D2ADC578200203AFA /* MyListView.swift in Sources */,
				2B76B8D22B24631E00F19F7C /* BookmarkTableViewCell.swift in Sources */,
				2BFE96E72AE55F9F007CD4ED /* SearchHeaderView.swift in Sources */,
				2BE49C782AE5961D00007EC9 /* SettingViewController.swift in Sources */,
				2B6378312ADD56BF00203AFA /* DeleteModalView.swift in Sources */,
				2BDE84D72ACAFDCD0018C759 /* CategoryCollectionViewCell.swift in Sources */,
				2BE49C7A2AE5964500007EC9 /* SettingView.swift in Sources */,
				2B10889E2B416C300085EE4C /* SettingHeaderView.swift in Sources */,
				2BC72B812AC720B30014420F /* BaseViewController.swift in Sources */,
				2BF5FE652AC7079B009BCBD9 /* Localized+.swift in Sources */,
				2B76B8D52B24639400F19F7C /* BaseTableViewCell.swift in Sources */,
				2B952A0E2ACE7B1B0074D4F2 /* CategoryChecklistCollectionViewCell.swift in Sources */,
				2B76B8D72B2464A100F19F7C /* ReusableViewProtocol+.swift in Sources */,
				2BA2AED92AEEB3F60076324A /* NaviBarButton+.swift in Sources */,
				2B2D3E042AE3FF8700476A46 /* MyListCollectionViewCell.swift in Sources */,
				2BFE96E52AE553EF007CD4ED /* SearchResultCollectionViewCell.swift in Sources */,
				2B9D8D442AD97408006F42E0 /* BookmarkView.swift in Sources */,
				2B952A132ACE835F0074D4F2 /* ChecklistView.swift in Sources */,
				2BDE84D32ACAB7EC0018C759 /* ReuseSearchWordsCollectionViewCell.swift in Sources */,
				2B91AB692AD697940078AB39 /* AddChecklistView.swift in Sources */,
				2B952A172ACEB1DC0074D4F2 /* ChecklistCollectionViewCell.swift in Sources */,
				2B952A0C2ACD895E0074D4F2 /* TBlankCheckBox.swift in Sources */,
				2B49F5A02AC864F100FF903F /* CategoryHomeView.swift in Sources */,
				2BC72B8F2AC84AD10014420F /* CategoryHomeViewController.swift in Sources */,
				2B5EABB62B03D54C004AD7D8 /* UserDefaults+.swift in Sources */,
				2BF5FE102AC6E6C1009BCBD9 /* SceneDelegate.swift in Sources */,
				2B6378332ADD684600203AFA /* TPopUpButton.swift in Sources */,
				2B8105562AD02F7600B50223 /* BookmarkTable.swift in Sources */,
				2B6378462ADFF1E400203AFA /* HideKeyboard+.swift in Sources */,
				2B952A152ACEA5960074D4F2 /* TImageButton.swift in Sources */,
				2B8105542AD02DA400B50223 /* CheckItemTable.swift in Sources */,
				2BC72B912AC84AE40014420F /* CalendarViewController.swift in Sources */,
				2BC72B8D2AC731D70014420F /* Constant.swift in Sources */,
				2B952A062ACD7E480074D4F2 /* CategoryChecklistViewController.swift in Sources */,
				2B91AB6B2AD699D70078AB39 /* AddChecklistCollectionViewCell.swift in Sources */,
			);
			runOnlyForDeploymentPostprocessing = 0;
		};
/* End PBXSourcesBuildPhase section */

/* Begin PBXTargetDependency section */
		2B6D552D2BAAD0000084FE93 /* PBXTargetDependency */ = {
			isa = PBXTargetDependency;
			target = 2B6D551D2BAACFFF0084FE93 /* TempiWidgetExtension */;
			targetProxy = 2B6D552C2BAAD0000084FE93 /* PBXContainerItemProxy */;
		};
/* End PBXTargetDependency section */

/* Begin PBXVariantGroup section */
		2BF5FE182AC6E6C2009BCBD9 /* LaunchScreen.storyboard */ = {
			isa = PBXVariantGroup;
			children = (
				2BF5FE192AC6E6C2009BCBD9 /* Base */,
				2BF5FE5C2AC705A9009BCBD9 /* ko */,
				2BC2690B2B45467B00738F34 /* en */,
			);
			name = LaunchScreen.storyboard;
			sourceTree = "<group>";
		};
/* End PBXVariantGroup section */

/* Begin XCBuildConfiguration section */
		2B6D55302BAAD0000084FE93 /* Debug */ = {
			isa = XCBuildConfiguration;
			buildSettings = {
				ASSETCATALOG_COMPILER_GLOBAL_ACCENT_COLOR_NAME = AccentColor;
				ASSETCATALOG_COMPILER_WIDGET_BACKGROUND_COLOR_NAME = WidgetBackground;
				CODE_SIGN_STYLE = Automatic;
				CURRENT_PROJECT_VERSION = 1;
				DEVELOPMENT_TEAM = 7T88N7TX7W;
				GENERATE_INFOPLIST_FILE = YES;
				INFOPLIST_FILE = TempiWidget/Info.plist;
				INFOPLIST_KEY_CFBundleDisplayName = TempiWidget;
				INFOPLIST_KEY_NSHumanReadableCopyright = "";
				IPHONEOS_DEPLOYMENT_TARGET = 17.0;
				LD_RUNPATH_SEARCH_PATHS = (
					"$(inherited)",
					"@executable_path/Frameworks",
					"@executable_path/../../Frameworks",
				);
				MARKETING_VERSION = 1.0;
				PRODUCT_BUNDLE_IDENTIFIER = com.yerihwang.Tempi.TempiWidget;
				PRODUCT_NAME = "$(TARGET_NAME)";
				SKIP_INSTALL = YES;
				SUPPORTED_PLATFORMS = "iphoneos iphonesimulator";
				SUPPORTS_MACCATALYST = NO;
				SUPPORTS_MAC_DESIGNED_FOR_IPHONE_IPAD = NO;
				SWIFT_EMIT_LOC_STRINGS = YES;
				SWIFT_VERSION = 5.0;
				TARGETED_DEVICE_FAMILY = 1;
			};
			name = Debug;
		};
		2B6D55312BAAD0000084FE93 /* Release */ = {
			isa = XCBuildConfiguration;
			buildSettings = {
				ASSETCATALOG_COMPILER_GLOBAL_ACCENT_COLOR_NAME = AccentColor;
				ASSETCATALOG_COMPILER_WIDGET_BACKGROUND_COLOR_NAME = WidgetBackground;
				CODE_SIGN_STYLE = Automatic;
				CURRENT_PROJECT_VERSION = 1;
				DEVELOPMENT_TEAM = 7T88N7TX7W;
				GENERATE_INFOPLIST_FILE = YES;
				INFOPLIST_FILE = TempiWidget/Info.plist;
				INFOPLIST_KEY_CFBundleDisplayName = TempiWidget;
				INFOPLIST_KEY_NSHumanReadableCopyright = "";
				IPHONEOS_DEPLOYMENT_TARGET = 17.0;
				LD_RUNPATH_SEARCH_PATHS = (
					"$(inherited)",
					"@executable_path/Frameworks",
					"@executable_path/../../Frameworks",
				);
				MARKETING_VERSION = 1.0;
				PRODUCT_BUNDLE_IDENTIFIER = com.yerihwang.Tempi.TempiWidget;
				PRODUCT_NAME = "$(TARGET_NAME)";
				SKIP_INSTALL = YES;
				SUPPORTED_PLATFORMS = "iphoneos iphonesimulator";
				SUPPORTS_MACCATALYST = NO;
				SUPPORTS_MAC_DESIGNED_FOR_IPHONE_IPAD = NO;
				SWIFT_EMIT_LOC_STRINGS = YES;
				SWIFT_VERSION = 5.0;
				TARGETED_DEVICE_FAMILY = 1;
			};
			name = Release;
		};
		2BF5FE1C2AC6E6C2009BCBD9 /* Debug */ = {
			isa = XCBuildConfiguration;
			buildSettings = {
				ALWAYS_SEARCH_USER_PATHS = NO;
				ASSETCATALOG_COMPILER_GENERATE_SWIFT_ASSET_SYMBOL_EXTENSIONS = YES;
				CLANG_ANALYZER_LOCALIZABILITY_NONLOCALIZED = YES;
				CLANG_ANALYZER_NONNULL = YES;
				CLANG_ANALYZER_NUMBER_OBJECT_CONVERSION = YES_AGGRESSIVE;
				CLANG_CXX_LANGUAGE_STANDARD = "gnu++20";
				CLANG_ENABLE_MODULES = YES;
				CLANG_ENABLE_OBJC_ARC = YES;
				CLANG_ENABLE_OBJC_WEAK = YES;
				CLANG_WARN_BLOCK_CAPTURE_AUTORELEASING = YES;
				CLANG_WARN_BOOL_CONVERSION = YES;
				CLANG_WARN_COMMA = YES;
				CLANG_WARN_CONSTANT_CONVERSION = YES;
				CLANG_WARN_DEPRECATED_OBJC_IMPLEMENTATIONS = YES;
				CLANG_WARN_DIRECT_OBJC_ISA_USAGE = YES_ERROR;
				CLANG_WARN_DOCUMENTATION_COMMENTS = YES;
				CLANG_WARN_EMPTY_BODY = YES;
				CLANG_WARN_ENUM_CONVERSION = YES;
				CLANG_WARN_INFINITE_RECURSION = YES;
				CLANG_WARN_INT_CONVERSION = YES;
				CLANG_WARN_NON_LITERAL_NULL_CONVERSION = YES;
				CLANG_WARN_OBJC_IMPLICIT_RETAIN_SELF = YES;
				CLANG_WARN_OBJC_LITERAL_CONVERSION = YES;
				CLANG_WARN_OBJC_ROOT_CLASS = YES_ERROR;
				CLANG_WARN_QUOTED_INCLUDE_IN_FRAMEWORK_HEADER = YES;
				CLANG_WARN_RANGE_LOOP_ANALYSIS = YES;
				CLANG_WARN_STRICT_PROTOTYPES = YES;
				CLANG_WARN_SUSPICIOUS_MOVE = YES;
				CLANG_WARN_UNGUARDED_AVAILABILITY = YES_AGGRESSIVE;
				CLANG_WARN_UNREACHABLE_CODE = YES;
				CLANG_WARN__DUPLICATE_METHOD_MATCH = YES;
				COPY_PHASE_STRIP = NO;
				DEBUG_INFORMATION_FORMAT = dwarf;
				ENABLE_STRICT_OBJC_MSGSEND = YES;
				ENABLE_TESTABILITY = YES;
				ENABLE_USER_SCRIPT_SANDBOXING = YES;
				GCC_C_LANGUAGE_STANDARD = gnu17;
				GCC_DYNAMIC_NO_PIC = NO;
				GCC_NO_COMMON_BLOCKS = YES;
				GCC_OPTIMIZATION_LEVEL = 0;
				GCC_PREPROCESSOR_DEFINITIONS = (
					"DEBUG=1",
					"$(inherited)",
				);
				GCC_WARN_64_TO_32_BIT_CONVERSION = YES;
				GCC_WARN_ABOUT_RETURN_TYPE = YES_ERROR;
				GCC_WARN_UNDECLARED_SELECTOR = YES;
				GCC_WARN_UNINITIALIZED_AUTOS = YES_AGGRESSIVE;
				GCC_WARN_UNUSED_FUNCTION = YES;
				GCC_WARN_UNUSED_VARIABLE = YES;
				IPHONEOS_DEPLOYMENT_TARGET = 16.0;
				LOCALIZATION_PREFERS_STRING_CATALOGS = YES;
				MTL_ENABLE_DEBUG_INFO = INCLUDE_SOURCE;
				MTL_FAST_MATH = YES;
				ONLY_ACTIVE_ARCH = YES;
				SDKROOT = iphoneos;
				SWIFT_ACTIVE_COMPILATION_CONDITIONS = "DEBUG $(inherited)";
				SWIFT_OPTIMIZATION_LEVEL = "-Onone";
			};
			name = Debug;
		};
		2BF5FE1D2AC6E6C2009BCBD9 /* Release */ = {
			isa = XCBuildConfiguration;
			buildSettings = {
				ALWAYS_SEARCH_USER_PATHS = NO;
				ASSETCATALOG_COMPILER_GENERATE_SWIFT_ASSET_SYMBOL_EXTENSIONS = YES;
				CLANG_ANALYZER_LOCALIZABILITY_NONLOCALIZED = YES;
				CLANG_ANALYZER_NONNULL = YES;
				CLANG_ANALYZER_NUMBER_OBJECT_CONVERSION = YES_AGGRESSIVE;
				CLANG_CXX_LANGUAGE_STANDARD = "gnu++20";
				CLANG_ENABLE_MODULES = YES;
				CLANG_ENABLE_OBJC_ARC = YES;
				CLANG_ENABLE_OBJC_WEAK = YES;
				CLANG_WARN_BLOCK_CAPTURE_AUTORELEASING = YES;
				CLANG_WARN_BOOL_CONVERSION = YES;
				CLANG_WARN_COMMA = YES;
				CLANG_WARN_CONSTANT_CONVERSION = YES;
				CLANG_WARN_DEPRECATED_OBJC_IMPLEMENTATIONS = YES;
				CLANG_WARN_DIRECT_OBJC_ISA_USAGE = YES_ERROR;
				CLANG_WARN_DOCUMENTATION_COMMENTS = YES;
				CLANG_WARN_EMPTY_BODY = YES;
				CLANG_WARN_ENUM_CONVERSION = YES;
				CLANG_WARN_INFINITE_RECURSION = YES;
				CLANG_WARN_INT_CONVERSION = YES;
				CLANG_WARN_NON_LITERAL_NULL_CONVERSION = YES;
				CLANG_WARN_OBJC_IMPLICIT_RETAIN_SELF = YES;
				CLANG_WARN_OBJC_LITERAL_CONVERSION = YES;
				CLANG_WARN_OBJC_ROOT_CLASS = YES_ERROR;
				CLANG_WARN_QUOTED_INCLUDE_IN_FRAMEWORK_HEADER = YES;
				CLANG_WARN_RANGE_LOOP_ANALYSIS = YES;
				CLANG_WARN_STRICT_PROTOTYPES = YES;
				CLANG_WARN_SUSPICIOUS_MOVE = YES;
				CLANG_WARN_UNGUARDED_AVAILABILITY = YES_AGGRESSIVE;
				CLANG_WARN_UNREACHABLE_CODE = YES;
				CLANG_WARN__DUPLICATE_METHOD_MATCH = YES;
				COPY_PHASE_STRIP = NO;
				DEBUG_INFORMATION_FORMAT = "dwarf-with-dsym";
				ENABLE_NS_ASSERTIONS = NO;
				ENABLE_STRICT_OBJC_MSGSEND = YES;
				ENABLE_USER_SCRIPT_SANDBOXING = YES;
				GCC_C_LANGUAGE_STANDARD = gnu17;
				GCC_NO_COMMON_BLOCKS = YES;
				GCC_WARN_64_TO_32_BIT_CONVERSION = YES;
				GCC_WARN_ABOUT_RETURN_TYPE = YES_ERROR;
				GCC_WARN_UNDECLARED_SELECTOR = YES;
				GCC_WARN_UNINITIALIZED_AUTOS = YES_AGGRESSIVE;
				GCC_WARN_UNUSED_FUNCTION = YES;
				GCC_WARN_UNUSED_VARIABLE = YES;
				IPHONEOS_DEPLOYMENT_TARGET = 16.0;
				LOCALIZATION_PREFERS_STRING_CATALOGS = YES;
				MTL_ENABLE_DEBUG_INFO = NO;
				MTL_FAST_MATH = YES;
				SDKROOT = iphoneos;
				SWIFT_COMPILATION_MODE = wholemodule;
				VALIDATE_PRODUCT = YES;
			};
			name = Release;
		};
		2BF5FE1F2AC6E6C2009BCBD9 /* Debug */ = {
			isa = XCBuildConfiguration;
			buildSettings = {
				ALWAYS_EMBED_SWIFT_STANDARD_LIBRARIES = YES;
				ASSETCATALOG_COMPILER_APPICON_NAME = AppIcon;
				ASSETCATALOG_COMPILER_GLOBAL_ACCENT_COLOR_NAME = AccentColor;
				ASSETCATALOG_COMPILER_INCLUDE_ALL_APPICON_ASSETS = YES;
				CODE_SIGN_ENTITLEMENTS = Tempi/Tempi.entitlements;
				CODE_SIGN_STYLE = Automatic;
				CURRENT_PROJECT_VERSION = 1;
				DEVELOPMENT_TEAM = 7T88N7TX7W;
				GENERATE_INFOPLIST_FILE = YES;
				INFOPLIST_FILE = Tempi/Info.plist;
				INFOPLIST_KEY_UIApplicationSupportsIndirectInputEvents = YES;
				INFOPLIST_KEY_UILaunchStoryboardName = LaunchScreen.storyboard;
				INFOPLIST_KEY_UISupportedInterfaceOrientations = UIInterfaceOrientationPortrait;
				INFOPLIST_KEY_UISupportedInterfaceOrientations_iPad = "UIInterfaceOrientationLandscapeLeft UIInterfaceOrientationLandscapeRight UIInterfaceOrientationPortrait UIInterfaceOrientationPortraitUpsideDown";
				IPHONEOS_DEPLOYMENT_TARGET = 16.0;
				LD_RUNPATH_SEARCH_PATHS = (
					"$(inherited)",
					"@executable_path/Frameworks",
				);
				MARKETING_VERSION = 1.1.1;
				PRODUCT_BUNDLE_IDENTIFIER = com.yerihwang.Tempi;
				PRODUCT_NAME = "$(TARGET_NAME)";
				SUPPORTED_PLATFORMS = "iphoneos iphonesimulator";
				SUPPORTS_MACCATALYST = NO;
				SUPPORTS_MAC_DESIGNED_FOR_IPHONE_IPAD = NO;
				SWIFT_EMIT_LOC_STRINGS = YES;
				SWIFT_VERSION = 5.0;
				TARGETED_DEVICE_FAMILY = 1;
			};
			name = Debug;
		};
		2BF5FE202AC6E6C2009BCBD9 /* Release */ = {
			isa = XCBuildConfiguration;
			buildSettings = {
				ALWAYS_EMBED_SWIFT_STANDARD_LIBRARIES = YES;
				ASSETCATALOG_COMPILER_APPICON_NAME = AppIcon;
				ASSETCATALOG_COMPILER_GLOBAL_ACCENT_COLOR_NAME = AccentColor;
				ASSETCATALOG_COMPILER_INCLUDE_ALL_APPICON_ASSETS = YES;
				CODE_SIGN_ENTITLEMENTS = Tempi/Tempi.entitlements;
				CODE_SIGN_STYLE = Automatic;
				CURRENT_PROJECT_VERSION = 1;
				DEVELOPMENT_TEAM = 7T88N7TX7W;
				GENERATE_INFOPLIST_FILE = YES;
				INFOPLIST_FILE = Tempi/Info.plist;
				INFOPLIST_KEY_UIApplicationSupportsIndirectInputEvents = YES;
				INFOPLIST_KEY_UILaunchStoryboardName = LaunchScreen.storyboard;
				INFOPLIST_KEY_UISupportedInterfaceOrientations = UIInterfaceOrientationPortrait;
				INFOPLIST_KEY_UISupportedInterfaceOrientations_iPad = "UIInterfaceOrientationLandscapeLeft UIInterfaceOrientationLandscapeRight UIInterfaceOrientationPortrait UIInterfaceOrientationPortraitUpsideDown";
				IPHONEOS_DEPLOYMENT_TARGET = 16.0;
				LD_RUNPATH_SEARCH_PATHS = (
					"$(inherited)",
					"@executable_path/Frameworks",
				);
				MARKETING_VERSION = 1.1.1;
				PRODUCT_BUNDLE_IDENTIFIER = com.yerihwang.Tempi;
				PRODUCT_NAME = "$(TARGET_NAME)";
				SUPPORTED_PLATFORMS = "iphoneos iphonesimulator";
				SUPPORTS_MACCATALYST = NO;
				SUPPORTS_MAC_DESIGNED_FOR_IPHONE_IPAD = NO;
				SWIFT_EMIT_LOC_STRINGS = YES;
				SWIFT_VERSION = 5.0;
				TARGETED_DEVICE_FAMILY = 1;
			};
			name = Release;
		};
/* End XCBuildConfiguration section */

/* Begin XCConfigurationList section */
		2B6D552F2BAAD0000084FE93 /* Build configuration list for PBXNativeTarget "TempiWidgetExtension" */ = {
			isa = XCConfigurationList;
			buildConfigurations = (
				2B6D55302BAAD0000084FE93 /* Debug */,
				2B6D55312BAAD0000084FE93 /* Release */,
			);
			defaultConfigurationIsVisible = 0;
			defaultConfigurationName = Release;
		};
		2BF5FE052AC6E6C1009BCBD9 /* Build configuration list for PBXProject "Tempi" */ = {
			isa = XCConfigurationList;
			buildConfigurations = (
				2BF5FE1C2AC6E6C2009BCBD9 /* Debug */,
				2BF5FE1D2AC6E6C2009BCBD9 /* Release */,
			);
			defaultConfigurationIsVisible = 0;
			defaultConfigurationName = Release;
		};
		2BF5FE1E2AC6E6C2009BCBD9 /* Build configuration list for PBXNativeTarget "Tempi" */ = {
			isa = XCConfigurationList;
			buildConfigurations = (
				2BF5FE1F2AC6E6C2009BCBD9 /* Debug */,
				2BF5FE202AC6E6C2009BCBD9 /* Release */,
			);
			defaultConfigurationIsVisible = 0;
			defaultConfigurationName = Release;
		};
/* End XCConfigurationList section */

/* Begin XCRemoteSwiftPackageReference section */
		2B4FEA9E2AFF953800E12B69 /* XCRemoteSwiftPackageReference "firebase-ios-sdk" */ = {
			isa = XCRemoteSwiftPackageReference;
			repositoryURL = "https://github.com/firebase/firebase-ios-sdk";
			requirement = {
				kind = upToNextMajorVersion;
				minimumVersion = 10.17.0;
			};
		};
		2B8105472AD02A0C00B50223 /* XCRemoteSwiftPackageReference "realm-swift" */ = {
			isa = XCRemoteSwiftPackageReference;
			repositoryURL = "https://github.com/realm/realm-swift";
			requirement = {
				kind = upToNextMajorVersion;
				minimumVersion = 10.42.1;
			};
		};
		2BA2AEDF2AEEC9840076324A /* XCRemoteSwiftPackageReference "SwiftMessages" */ = {
			isa = XCRemoteSwiftPackageReference;
			repositoryURL = "https://github.com/SwiftKickMobile/SwiftMessages.git";
			requirement = {
				kind = upToNextMajorVersion;
				minimumVersion = 9.0.8;
			};
		};
		2BC72B7B2AC71FD40014420F /* XCRemoteSwiftPackageReference "SnapKit" */ = {
			isa = XCRemoteSwiftPackageReference;
			repositoryURL = "https://github.com/SnapKit/SnapKit";
			requirement = {
				kind = upToNextMajorVersion;
				minimumVersion = 5.6.0;
			};
		};
/* End XCRemoteSwiftPackageReference section */

/* Begin XCSwiftPackageProductDependency section */
		2B4FEA9F2AFF953800E12B69 /* FirebaseAnalytics */ = {
			isa = XCSwiftPackageProductDependency;
			package = 2B4FEA9E2AFF953800E12B69 /* XCRemoteSwiftPackageReference "firebase-ios-sdk" */;
			productName = FirebaseAnalytics;
		};
		2B4FEAA12AFF953800E12B69 /* FirebaseCrashlytics */ = {
			isa = XCSwiftPackageProductDependency;
			package = 2B4FEA9E2AFF953800E12B69 /* XCRemoteSwiftPackageReference "firebase-ios-sdk" */;
			productName = FirebaseCrashlytics;
		};
		2B4FEAA32AFF953800E12B69 /* FirebaseMessaging */ = {
			isa = XCSwiftPackageProductDependency;
			package = 2B4FEA9E2AFF953800E12B69 /* XCRemoteSwiftPackageReference "firebase-ios-sdk" */;
			productName = FirebaseMessaging;
		};
		2B4FEAA52AFF953800E12B69 /* FirebaseRemoteConfig */ = {
			isa = XCSwiftPackageProductDependency;
			package = 2B4FEA9E2AFF953800E12B69 /* XCRemoteSwiftPackageReference "firebase-ios-sdk" */;
			productName = FirebaseRemoteConfig;
		};
		2B4FEAA72AFF953800E12B69 /* FirebaseRemoteConfigSwift */ = {
			isa = XCSwiftPackageProductDependency;
			package = 2B4FEA9E2AFF953800E12B69 /* XCRemoteSwiftPackageReference "firebase-ios-sdk" */;
			productName = FirebaseRemoteConfigSwift;
		};
		2B4FEAA92AFF953800E12B69 /* FirebaseStorage */ = {
			isa = XCSwiftPackageProductDependency;
			package = 2B4FEA9E2AFF953800E12B69 /* XCRemoteSwiftPackageReference "firebase-ios-sdk" */;
			productName = FirebaseStorage;
		};
		2B4FEAAB2AFF953800E12B69 /* FirebaseStorageCombine-Community */ = {
			isa = XCSwiftPackageProductDependency;
			package = 2B4FEA9E2AFF953800E12B69 /* XCRemoteSwiftPackageReference "firebase-ios-sdk" */;
			productName = "FirebaseStorageCombine-Community";
		};
		2B8105482AD02A0C00B50223 /* Realm */ = {
			isa = XCSwiftPackageProductDependency;
			package = 2B8105472AD02A0C00B50223 /* XCRemoteSwiftPackageReference "realm-swift" */;
			productName = Realm;
		};
		2B81054A2AD02A0C00B50223 /* RealmSwift */ = {
			isa = XCSwiftPackageProductDependency;
			package = 2B8105472AD02A0C00B50223 /* XCRemoteSwiftPackageReference "realm-swift" */;
			productName = RealmSwift;
		};
		2BA2AEE02AEEC9840076324A /* SwiftMessages */ = {
			isa = XCSwiftPackageProductDependency;
			package = 2BA2AEDF2AEEC9840076324A /* XCRemoteSwiftPackageReference "SwiftMessages" */;
			productName = SwiftMessages;
		};
		2BC72B7C2AC71FD50014420F /* SnapKit */ = {
			isa = XCSwiftPackageProductDependency;
			package = 2BC72B7B2AC71FD40014420F /* XCRemoteSwiftPackageReference "SnapKit" */;
			productName = SnapKit;
		};
/* End XCSwiftPackageProductDependency section */
	};
	rootObject = 2BF5FE022AC6E6C1009BCBD9 /* Project object */;
}
